// !$*UTF8*$!
{
	archiveVersion = 1;
	classes = {
	};
	objectVersion = 55;
	objects = {

/* Begin PBXBuildFile section */
		0005E1F83148CBD79E6B3220 /* Document.swift in Sources */ = {isa = PBXBuildFile; fileRef = 1E09BB529C1CA7779FDFB2EC /* Document.swift */; };
		065802F4A2DB82371CB20C48 /* ImportSheet.swift in Sources */ = {isa = PBXBuildFile; fileRef = E38525B20848CE9934047E8D /* ImportSheet.swift */; };
		08D1AF84C2CA2F7724A68499 /* ImportViewModel.swift in Sources */ = {isa = PBXBuildFile; fileRef = 5EAAB9BE64778DB5A65742C6 /* ImportViewModel.swift */; };
		0B9C3CC5BC4921142947B166 /* PlayerView.swift in Sources */ = {isa = PBXBuildFile; fileRef = 7E86CEA90497C338FA343874 /* PlayerView.swift */; };
		19D6D34E32F761A4BD9EA455 /* TTSService.swift in Sources */ = {isa = PBXBuildFile; fileRef = C075E9F81D7FA6BAEDD4A775 /* TTSService.swift */; };
		20A6F3D0968E064C3104260B /* VisitorService.swift in Sources */ = {isa = PBXBuildFile; fileRef = 035BA1F9FD750A0DE6AE274E /* VisitorService.swift */; };
		2970F11FB2E110503F7834EC /* BookCoverImage.swift in Sources */ = {isa = PBXBuildFile; fileRef = 45E5E7C17A4C01BDE86D45DE /* BookCoverImage.swift */; };
		31037446F69538B432D7E385 /* TTSTimestamp.swift in Sources */ = {isa = PBXBuildFile; fileRef = DC2307DC560054A8D7E0F928 /* TTSTimestamp.swift */; };
		3B9A02C4ADA43862AF2292EB /* ModelDownloadService.swift in Sources */ = {isa = PBXBuildFile; fileRef = 6B7E6E45E6015D7E730CAFEE /* ModelDownloadService.swift */; };
		46D193EC74973B8FB8941B30 /* Constants.swift in Sources */ = {isa = PBXBuildFile; fileRef = 7C02A0DA8EAECC475D1D7997 /* Constants.swift */; };
		4EDA020C6BB4996ABC54E5BD /* LibraryViewModel.swift in Sources */ = {isa = PBXBuildFile; fileRef = BE3276E6DB4EE74AC0190DE1 /* LibraryViewModel.swift */; };
		55C94E5A63B58FF7013C4ACC /* APIService.swift in Sources */ = {isa = PBXBuildFile; fileRef = 144EE6CDB40D731B0BBC9411 /* APIService.swift */; };
		57DB6686455F2888AFC5E0C0 /* CategorySection.swift in Sources */ = {isa = PBXBuildFile; fileRef = 7C726910906B118A12B0D3EE /* CategorySection.swift */; };
		709B65EF0392C0D1F3A77F3A /* LibraryView.swift in Sources */ = {isa = PBXBuildFile; fileRef = 48D9703C788196326AACDB7B /* LibraryView.swift */; };
		7600A7CF5F03430FF16635A8 /* PlayerViewModel.swift in Sources */ = {isa = PBXBuildFile; fileRef = 6A449706104619653BBDD718 /* PlayerViewModel.swift */; };
		761BCCCA2F0E95070086EC4D /* CastReaderApp.swift in Sources */ = {isa = PBXBuildFile; fileRef = 761BCCC92F0E95070086EC4D /* CastReaderApp.swift */; };
		761BCCCE2F0E95090086EC4D /* Assets.xcassets in Resources */ = {isa = PBXBuildFile; fileRef = 761BCCCD2F0E95090086EC4D /* Assets.xcassets */; };
		761BCCD12F0E95090086EC4D /* Preview Assets.xcassets in Resources */ = {isa = PBXBuildFile; fileRef = 761BCCD02F0E95090086EC4D /* Preview Assets.xcassets */; };
		761BCCDB2F0E950A0086EC4D /* CastReaderTests.swift in Sources */ = {isa = PBXBuildFile; fileRef = 761BCCDA2F0E950A0086EC4D /* CastReaderTests.swift */; };
		761BCCE52F0E950A0086EC4D /* CastReaderUITests.swift in Sources */ = {isa = PBXBuildFile; fileRef = 761BCCE42F0E950A0086EC4D /* CastReaderUITests.swift */; };
		761BCCE72F0E950A0086EC4D /* CastReaderUITestsLaunchTests.swift in Sources */ = {isa = PBXBuildFile; fileRef = 761BCCE62F0E950A0086EC4D /* CastReaderUITestsLaunchTests.swift */; };
		76495AB72F152D59002BA72E /* FluidAudioTTS in Frameworks */ = {isa = PBXBuildFile; productRef = 76495AB62F152D59002BA72E /* FluidAudioTTS */; };
		76495ABA2F1534C3002BA72E /* ZIPFoundation in Frameworks */ = {isa = PBXBuildFile; productRef = 76495AB92F1534C3002BA72E /* ZIPFoundation */; };
		76FLUIDAUD0000000001 /* FluidAudio in Frameworks */ = {isa = PBXBuildFile; productRef = 76FLUIDAUD0000000002 /* FluidAudio */; };
		76FLUIDBLD0000000001 /* (null) in Frameworks */ = {isa = PBXBuildFile; };
		7C9206CC43A969E4BD7FA5D9 /* AudioPlayerService.swift in Sources */ = {isa = PBXBuildFile; fileRef = ED1CD4EA3CA716A99DDA2B4D /* AudioPlayerService.swift */; };
		85FB22A3E1C7E887DD66F93A /* LoadingView.swift in Sources */ = {isa = PBXBuildFile; fileRef = 53B07686D718F5453993C85C /* LoadingView.swift */; };
		8943AEA4004B5AABA8A7D1C1 /* Chapter.swift in Sources */ = {isa = PBXBuildFile; fileRef = 515DF0FA75220CAFD381BB6A /* Chapter.swift */; };
		8B3A235ED0D878DD2AA2064A /* CategoryListViewModel.swift in Sources */ = {isa = PBXBuildFile; fileRef = B6E645CAE42F1BFB2AC1973C /* CategoryListViewModel.swift */; };
		98DBE9927D1531BB00238959 /* BookCard.swift in Sources */ = {isa = PBXBuildFile; fileRef = FE1A390AC0F935E42E974573 /* BookCard.swift */; };
		9B6B5F01C3C64C37FA303702 /* ExploreViewModel.swift in Sources */ = {isa = PBXBuildFile; fileRef = 7805D191A4123052A8897D4F /* ExploreViewModel.swift */; };
		9E268E97D6680EC339A3A477 /* ExploreView.swift in Sources */ = {isa = PBXBuildFile; fileRef = 774EFD060447E2CB28957454 /* ExploreView.swift */; };
		A24C0D3C80E746EDB0C3F2B4 /* MarkdownModels.swift in Sources */ = {isa = PBXBuildFile; fileRef = 0C5E70E862463DD9F23F6EE2 /* MarkdownModels.swift */; };
		AA1EE7F14FC2456207C289C0 /* CategoryListView.swift in Sources */ = {isa = PBXBuildFile; fileRef = CD5421699813FC9A9443925B /* CategoryListView.swift */; };
		B4AB82F087309C87507F756A /* TTSModelSettingsView.swift in Sources */ = {isa = PBXBuildFile; fileRef = 74265CC1BB5CAB8963699A67 /* TTSModelSettingsView.swift */; };
		CCCD308BE6A47E2F89B74C12 /* Book.swift in Sources */ = {isa = PBXBuildFile; fileRef = 37B81236D765C25AF21D2BD0 /* Book.swift */; };
		D4FE373651D89F68C7C3B97F /* Extensions.swift in Sources */ = {isa = PBXBuildFile; fileRef = 69F977619F990E63A25E8D54 /* Extensions.swift */; };
		D648749393A02215528E8982 /* MarkdownParser.swift in Sources */ = {isa = PBXBuildFile; fileRef = 4AE83A44BF9B2CB95D430708 /* MarkdownParser.swift */; };
		DCC7F6DF9C7854D8BD105E7F /* AppTheme.swift in Sources */ = {isa = PBXBuildFile; fileRef = 0872B9FD1954366BEDD17635 /* AppTheme.swift */; };
		E25B6D53A53CF3BD5921930C /* SearchView.swift in Sources */ = {isa = PBXBuildFile; fileRef = B20DE00F778577F949651EE9 /* SearchView.swift */; };
		ECC39E460BCB203A98303874 /* MainTabView.swift in Sources */ = {isa = PBXBuildFile; fileRef = B2AD9788A467F91EC7077C0C /* MainTabView.swift */; };
		F3B5AC2930DB6A8E5F250EC8 /* LocalTTSService.swift in Sources */ = {isa = PBXBuildFile; fileRef = 0465A9E49D1E3B2719769CF4 /* LocalTTSService.swift */; };
/* End PBXBuildFile section */

/* Begin PBXContainerItemProxy section */
		761BCCD72F0E950A0086EC4D /* PBXContainerItemProxy */ = {
			isa = PBXContainerItemProxy;
			containerPortal = 761BCCBE2F0E95070086EC4D /* Project object */;
			proxyType = 1;
			remoteGlobalIDString = 761BCCC52F0E95070086EC4D;
			remoteInfo = CastReader;
		};
		761BCCE12F0E950A0086EC4D /* PBXContainerItemProxy */ = {
			isa = PBXContainerItemProxy;
			containerPortal = 761BCCBE2F0E95070086EC4D /* Project object */;
			proxyType = 1;
			remoteGlobalIDString = 761BCCC52F0E95070086EC4D;
			remoteInfo = CastReader;
		};
/* End PBXContainerItemProxy section */

/* Begin PBXFileReference section */
		035BA1F9FD750A0DE6AE274E /* VisitorService.swift */ = {isa = PBXFileReference; lastKnownFileType = sourcecode.swift; path = VisitorService.swift; sourceTree = "<group>"; };
		0465A9E49D1E3B2719769CF4 /* LocalTTSService.swift */ = {isa = PBXFileReference; lastKnownFileType = sourcecode.swift; path = LocalTTSService.swift; sourceTree = "<group>"; };
		0872B9FD1954366BEDD17635 /* AppTheme.swift */ = {isa = PBXFileReference; lastKnownFileType = sourcecode.swift; path = AppTheme.swift; sourceTree = "<group>"; };
		0C5E70E862463DD9F23F6EE2 /* MarkdownModels.swift */ = {isa = PBXFileReference; lastKnownFileType = sourcecode.swift; path = MarkdownModels.swift; sourceTree = "<group>"; };
		144EE6CDB40D731B0BBC9411 /* APIService.swift */ = {isa = PBXFileReference; lastKnownFileType = sourcecode.swift; path = APIService.swift; sourceTree = "<group>"; };
		1E09BB529C1CA7779FDFB2EC /* Document.swift */ = {isa = PBXFileReference; lastKnownFileType = sourcecode.swift; path = Document.swift; sourceTree = "<group>"; };
		37B81236D765C25AF21D2BD0 /* Book.swift */ = {isa = PBXFileReference; lastKnownFileType = sourcecode.swift; path = Book.swift; sourceTree = "<group>"; };
		45E5E7C17A4C01BDE86D45DE /* BookCoverImage.swift */ = {isa = PBXFileReference; lastKnownFileType = sourcecode.swift; path = BookCoverImage.swift; sourceTree = "<group>"; };
		48D9703C788196326AACDB7B /* LibraryView.swift */ = {isa = PBXFileReference; lastKnownFileType = sourcecode.swift; path = LibraryView.swift; sourceTree = "<group>"; };
		4AE83A44BF9B2CB95D430708 /* MarkdownParser.swift */ = {isa = PBXFileReference; lastKnownFileType = sourcecode.swift; path = MarkdownParser.swift; sourceTree = "<group>"; };
		515DF0FA75220CAFD381BB6A /* Chapter.swift */ = {isa = PBXFileReference; lastKnownFileType = sourcecode.swift; path = Chapter.swift; sourceTree = "<group>"; };
		53B07686D718F5453993C85C /* LoadingView.swift */ = {isa = PBXFileReference; lastKnownFileType = sourcecode.swift; path = LoadingView.swift; sourceTree = "<group>"; };
		5EAAB9BE64778DB5A65742C6 /* ImportViewModel.swift */ = {isa = PBXFileReference; lastKnownFileType = sourcecode.swift; path = ImportViewModel.swift; sourceTree = "<group>"; };
		69F977619F990E63A25E8D54 /* Extensions.swift */ = {isa = PBXFileReference; lastKnownFileType = sourcecode.swift; path = Extensions.swift; sourceTree = "<group>"; };
		6A449706104619653BBDD718 /* PlayerViewModel.swift */ = {isa = PBXFileReference; lastKnownFileType = sourcecode.swift; path = PlayerViewModel.swift; sourceTree = "<group>"; };
		6B7E6E45E6015D7E730CAFEE /* ModelDownloadService.swift */ = {isa = PBXFileReference; lastKnownFileType = sourcecode.swift; path = ModelDownloadService.swift; sourceTree = "<group>"; };
		74265CC1BB5CAB8963699A67 /* TTSModelSettingsView.swift */ = {isa = PBXFileReference; lastKnownFileType = sourcecode.swift; path = TTSModelSettingsView.swift; sourceTree = "<group>"; };
		761BCCC62F0E95070086EC4D /* CastReader.app */ = {isa = PBXFileReference; explicitFileType = wrapper.application; includeInIndex = 0; path = CastReader.app; sourceTree = BUILT_PRODUCTS_DIR; };
		761BCCC92F0E95070086EC4D /* CastReaderApp.swift */ = {isa = PBXFileReference; lastKnownFileType = sourcecode.swift; path = CastReaderApp.swift; sourceTree = "<group>"; };
		761BCCCD2F0E95090086EC4D /* Assets.xcassets */ = {isa = PBXFileReference; lastKnownFileType = folder.assetcatalog; path = Assets.xcassets; sourceTree = "<group>"; };
		761BCCD02F0E95090086EC4D /* Preview Assets.xcassets */ = {isa = PBXFileReference; lastKnownFileType = folder.assetcatalog; path = "Preview Assets.xcassets"; sourceTree = "<group>"; };
		761BCCD62F0E950A0086EC4D /* CastReaderTests.xctest */ = {isa = PBXFileReference; explicitFileType = wrapper.cfbundle; includeInIndex = 0; path = CastReaderTests.xctest; sourceTree = BUILT_PRODUCTS_DIR; };
		761BCCDA2F0E950A0086EC4D /* CastReaderTests.swift */ = {isa = PBXFileReference; lastKnownFileType = sourcecode.swift; path = CastReaderTests.swift; sourceTree = "<group>"; };
		761BCCE02F0E950A0086EC4D /* CastReaderUITests.xctest */ = {isa = PBXFileReference; explicitFileType = wrapper.cfbundle; includeInIndex = 0; path = CastReaderUITests.xctest; sourceTree = BUILT_PRODUCTS_DIR; };
		761BCCE42F0E950A0086EC4D /* CastReaderUITests.swift */ = {isa = PBXFileReference; lastKnownFileType = sourcecode.swift; path = CastReaderUITests.swift; sourceTree = "<group>"; };
		761BCCE62F0E950A0086EC4D /* CastReaderUITestsLaunchTests.swift */ = {isa = PBXFileReference; lastKnownFileType = sourcecode.swift; path = CastReaderUITestsLaunchTests.swift; sourceTree = "<group>"; };
		76495ABB2F154837002BA72E /* Info.plist */ = {isa = PBXFileReference; lastKnownFileType = text.plist.xml; path = Info.plist; sourceTree = "<group>"; };
		774EFD060447E2CB28957454 /* ExploreView.swift */ = {isa = PBXFileReference; lastKnownFileType = sourcecode.swift; path = ExploreView.swift; sourceTree = "<group>"; };
		7805D191A4123052A8897D4F /* ExploreViewModel.swift */ = {isa = PBXFileReference; lastKnownFileType = sourcecode.swift; path = ExploreViewModel.swift; sourceTree = "<group>"; };
		7C02A0DA8EAECC475D1D7997 /* Constants.swift */ = {isa = PBXFileReference; lastKnownFileType = sourcecode.swift; path = Constants.swift; sourceTree = "<group>"; };
		7C726910906B118A12B0D3EE /* CategorySection.swift */ = {isa = PBXFileReference; lastKnownFileType = sourcecode.swift; path = CategorySection.swift; sourceTree = "<group>"; };
		7E86CEA90497C338FA343874 /* PlayerView.swift */ = {isa = PBXFileReference; lastKnownFileType = sourcecode.swift; path = PlayerView.swift; sourceTree = "<group>"; };
		B20DE00F778577F949651EE9 /* SearchView.swift */ = {isa = PBXFileReference; lastKnownFileType = sourcecode.swift; path = SearchView.swift; sourceTree = "<group>"; };
		B2AD9788A467F91EC7077C0C /* MainTabView.swift */ = {isa = PBXFileReference; lastKnownFileType = sourcecode.swift; path = MainTabView.swift; sourceTree = "<group>"; };
		B6E645CAE42F1BFB2AC1973C /* CategoryListViewModel.swift */ = {isa = PBXFileReference; lastKnownFileType = sourcecode.swift; path = CategoryListViewModel.swift; sourceTree = "<group>"; };
		BE3276E6DB4EE74AC0190DE1 /* LibraryViewModel.swift */ = {isa = PBXFileReference; lastKnownFileType = sourcecode.swift; path = LibraryViewModel.swift; sourceTree = "<group>"; };
		C075E9F81D7FA6BAEDD4A775 /* TTSService.swift */ = {isa = PBXFileReference; lastKnownFileType = sourcecode.swift; path = TTSService.swift; sourceTree = "<group>"; };
		CD5421699813FC9A9443925B /* CategoryListView.swift */ = {isa = PBXFileReference; lastKnownFileType = sourcecode.swift; path = CategoryListView.swift; sourceTree = "<group>"; };
		DC2307DC560054A8D7E0F928 /* TTSTimestamp.swift */ = {isa = PBXFileReference; lastKnownFileType = sourcecode.swift; path = TTSTimestamp.swift; sourceTree = "<group>"; };
		E38525B20848CE9934047E8D /* ImportSheet.swift */ = {isa = PBXFileReference; lastKnownFileType = sourcecode.swift; path = ImportSheet.swift; sourceTree = "<group>"; };
		ED1CD4EA3CA716A99DDA2B4D /* AudioPlayerService.swift */ = {isa = PBXFileReference; lastKnownFileType = sourcecode.swift; path = AudioPlayerService.swift; sourceTree = "<group>"; };
		FE1A390AC0F935E42E974573 /* BookCard.swift */ = {isa = PBXFileReference; lastKnownFileType = sourcecode.swift; path = BookCard.swift; sourceTree = "<group>"; };
/* End PBXFileReference section */

/* Begin PBXFrameworksBuildPhase section */
		761BCCC32F0E95070086EC4D /* Frameworks */ = {
			isa = PBXFrameworksBuildPhase;
			buildActionMask = 2147483647;
			files = (
				76495AB72F152D59002BA72E /* FluidAudioTTS in Frameworks */,
				76FLUIDAUD0000000001 /* FluidAudio in Frameworks */,
				76FLUIDBLD0000000001 /* (null) in Frameworks */,
				76495ABA2F1534C3002BA72E /* ZIPFoundation in Frameworks */,
			);
			runOnlyForDeploymentPostprocessing = 0;
		};
/* End PBXFrameworksBuildPhase section */

/* Begin PBXGroup section */
		03E5EBC8778706334649F8DE /* ViewModels */ = {
			isa = PBXGroup;
			children = (
				B6E645CAE42F1BFB2AC1973C /* CategoryListViewModel.swift */,
				7805D191A4123052A8897D4F /* ExploreViewModel.swift */,
				5EAAB9BE64778DB5A65742C6 /* ImportViewModel.swift */,
				BE3276E6DB4EE74AC0190DE1 /* LibraryViewModel.swift */,
				6A449706104619653BBDD718 /* PlayerViewModel.swift */,
			);
			path = ViewModels;
			sourceTree = "<group>";
		};
		0D82BF4F95CDA8E26DF05491 /* Shared */ = {
			isa = PBXGroup;
			children = (
				45E5E7C17A4C01BDE86D45DE /* BookCoverImage.swift */,
				53B07686D718F5453993C85C /* LoadingView.swift */,
			);
			path = Shared;
			sourceTree = "<group>";
		};
		1F759FC1C06F24C1715CE011 /* Explore */ = {
			isa = PBXGroup;
			children = (
				FE1A390AC0F935E42E974573 /* BookCard.swift */,
				CD5421699813FC9A9443925B /* CategoryListView.swift */,
				7C726910906B118A12B0D3EE /* CategorySection.swift */,
				774EFD060447E2CB28957454 /* ExploreView.swift */,
				B20DE00F778577F949651EE9 /* SearchView.swift */,
			);
			path = Explore;
			sourceTree = "<group>";
		};
		27836D2E649757BB99E6DF18 /* Settings */ = {
			isa = PBXGroup;
			children = (
				74265CC1BB5CAB8963699A67 /* TTSModelSettingsView.swift */,
			);
			path = Settings;
			sourceTree = "<group>";
		};
		4536F8A178639CDA377654F5 /* Player */ = {
			isa = PBXGroup;
			children = (
				7E86CEA90497C338FA343874 /* PlayerView.swift */,
			);
			path = Player;
			sourceTree = "<group>";
		};
		5C51A231205AAD16A62DAF41 /* Models */ = {
			isa = PBXGroup;
			children = (
				37B81236D765C25AF21D2BD0 /* Book.swift */,
				515DF0FA75220CAFD381BB6A /* Chapter.swift */,
				1E09BB529C1CA7779FDFB2EC /* Document.swift */,
				0C5E70E862463DD9F23F6EE2 /* MarkdownModels.swift */,
				DC2307DC560054A8D7E0F928 /* TTSTimestamp.swift */,
			);
			path = Models;
			sourceTree = "<group>";
		};
		744988C36470A8D15432BB1C /* Library */ = {
			isa = PBXGroup;
			children = (
				48D9703C788196326AACDB7B /* LibraryView.swift */,
			);
			path = Library;
			sourceTree = "<group>";
		};
		761BCCBD2F0E95070086EC4D = {
			isa = PBXGroup;
			children = (
				761BCCC82F0E95070086EC4D /* CastReader */,
				761BCCD92F0E950A0086EC4D /* CastReaderTests */,
				761BCCE32F0E950A0086EC4D /* CastReaderUITests */,
				76495AB12F152D59002BA72E /* Frameworks */,
				761BCCC72F0E95070086EC4D /* Products */,
			);
			sourceTree = "<group>";
		};
		761BCCC72F0E95070086EC4D /* Products */ = {
			isa = PBXGroup;
			children = (
				761BCCC62F0E95070086EC4D /* CastReader.app */,
				761BCCD62F0E950A0086EC4D /* CastReaderTests.xctest */,
				761BCCE02F0E950A0086EC4D /* CastReaderUITests.xctest */,
			);
			name = Products;
			sourceTree = "<group>";
		};
		761BCCC82F0E95070086EC4D /* CastReader */ = {
			isa = PBXGroup;
			children = (
				76495ABB2F154837002BA72E /* Info.plist */,
				5C51A231205AAD16A62DAF41 /* Models */,
				F39327D7A7F80D9379D5C22E /* Services */,
				03E5EBC8778706334649F8DE /* ViewModels */,
				E8481D69D82E41BCE2A03884 /* Views */,
				92D1D03CF15E37BF230950C9 /* Utils */,
				761BCCC92F0E95070086EC4D /* CastReaderApp.swift */,
				761BCCCD2F0E95090086EC4D /* Assets.xcassets */,
				761BCCCF2F0E95090086EC4D /* Preview Content */,
			);
			path = CastReader;
			sourceTree = "<group>";
		};
		761BCCCF2F0E95090086EC4D /* Preview Content */ = {
			isa = PBXGroup;
			children = (
				761BCCD02F0E95090086EC4D /* Preview Assets.xcassets */,
			);
			path = "Preview Content";
			sourceTree = "<group>";
		};
		761BCCD92F0E950A0086EC4D /* CastReaderTests */ = {
			isa = PBXGroup;
			children = (
				761BCCDA2F0E950A0086EC4D /* CastReaderTests.swift */,
			);
			path = CastReaderTests;
			sourceTree = "<group>";
		};
		761BCCE32F0E950A0086EC4D /* CastReaderUITests */ = {
			isa = PBXGroup;
			children = (
				761BCCE42F0E950A0086EC4D /* CastReaderUITests.swift */,
				761BCCE62F0E950A0086EC4D /* CastReaderUITestsLaunchTests.swift */,
			);
			path = CastReaderUITests;
			sourceTree = "<group>";
		};
		76495AB12F152D59002BA72E /* Frameworks */ = {
			isa = PBXGroup;
			children = (
			);
			name = Frameworks;
			sourceTree = "<group>";
		};
		92D1D03CF15E37BF230950C9 /* Utils */ = {
			isa = PBXGroup;
			children = (
				0872B9FD1954366BEDD17635 /* AppTheme.swift */,
				7C02A0DA8EAECC475D1D7997 /* Constants.swift */,
				69F977619F990E63A25E8D54 /* Extensions.swift */,
				4AE83A44BF9B2CB95D430708 /* MarkdownParser.swift */,
			);
			path = Utils;
			sourceTree = "<group>";
		};
		E8481D69D82E41BCE2A03884 /* Views */ = {
			isa = PBXGroup;
			children = (
				1F759FC1C06F24C1715CE011 /* Explore */,
				F5A927F15D4E5ED1240402FD /* Import */,
				744988C36470A8D15432BB1C /* Library */,
				4536F8A178639CDA377654F5 /* Player */,
				27836D2E649757BB99E6DF18 /* Settings */,
				0D82BF4F95CDA8E26DF05491 /* Shared */,
				B2AD9788A467F91EC7077C0C /* MainTabView.swift */,
			);
			path = Views;
			sourceTree = "<group>";
		};
		F39327D7A7F80D9379D5C22E /* Services */ = {
			isa = PBXGroup;
			children = (
				144EE6CDB40D731B0BBC9411 /* APIService.swift */,
				ED1CD4EA3CA716A99DDA2B4D /* AudioPlayerService.swift */,
				0465A9E49D1E3B2719769CF4 /* LocalTTSService.swift */,
				C075E9F81D7FA6BAEDD4A775 /* TTSService.swift */,
				6B7E6E45E6015D7E730CAFEE /* ModelDownloadService.swift */,
				035BA1F9FD750A0DE6AE274E /* VisitorService.swift */,
			);
			path = Services;
			sourceTree = "<group>";
		};
		F5A927F15D4E5ED1240402FD /* Import */ = {
			isa = PBXGroup;
			children = (
				E38525B20848CE9934047E8D /* ImportSheet.swift */,
			);
			path = Import;
			sourceTree = "<group>";
		};
/* End PBXGroup section */

/* Begin PBXNativeTarget section */
		761BCCC52F0E95070086EC4D /* CastReader */ = {
			isa = PBXNativeTarget;
			buildConfigurationList = 761BCCEA2F0E950A0086EC4D /* Build configuration list for PBXNativeTarget "CastReader" */;
			buildPhases = (
				761BCCC22F0E95070086EC4D /* Sources */,
				761BCCC32F0E95070086EC4D /* Frameworks */,
				761BCCC42F0E95070086EC4D /* Resources */,
			);
			buildRules = (
			);
			dependencies = (
			);
			name = CastReader;
			packageProductDependencies = (
				76495AB62F152D59002BA72E /* FluidAudioTTS */,
				76FLUIDAUD0000000002 /* FluidAudio */,
				76495AB92F1534C3002BA72E /* ZIPFoundation */,
			);
			productName = CastReader;
			productReference = 761BCCC62F0E95070086EC4D /* CastReader.app */;
			productType = "com.apple.product-type.application";
		};
		761BCCD52F0E950A0086EC4D /* CastReaderTests */ = {
			isa = PBXNativeTarget;
			buildConfigurationList = 761BCCED2F0E950A0086EC4D /* Build configuration list for PBXNativeTarget "CastReaderTests" */;
			buildPhases = (
				761BCCD22F0E950A0086EC4D /* Sources */,
				761BCCD42F0E950A0086EC4D /* Resources */,
			);
			buildRules = (
			);
			dependencies = (
				761BCCD82F0E950A0086EC4D /* PBXTargetDependency */,
			);
			name = CastReaderTests;
			productName = CastReaderTests;
			productReference = 761BCCD62F0E950A0086EC4D /* CastReaderTests.xctest */;
			productType = "com.apple.product-type.bundle.unit-test";
		};
		761BCCDF2F0E950A0086EC4D /* CastReaderUITests */ = {
			isa = PBXNativeTarget;
			buildConfigurationList = 761BCCF02F0E950A0086EC4D /* Build configuration list for PBXNativeTarget "CastReaderUITests" */;
			buildPhases = (
				761BCCDC2F0E950A0086EC4D /* Sources */,
				761BCCDE2F0E950A0086EC4D /* Resources */,
			);
			buildRules = (
			);
			dependencies = (
				761BCCE22F0E950A0086EC4D /* PBXTargetDependency */,
			);
			name = CastReaderUITests;
			productName = CastReaderUITests;
			productReference = 761BCCE02F0E950A0086EC4D /* CastReaderUITests.xctest */;
			productType = "com.apple.product-type.bundle.ui-testing";
		};
/* End PBXNativeTarget section */

/* Begin PBXProject section */
		761BCCBE2F0E95070086EC4D /* Project object */ = {
			isa = PBXProject;
			attributes = {
				BuildIndependentTargetsInParallel = 1;
				LastSwiftUpdateCheck = 1340;
				LastUpgradeCheck = 1340;
				TargetAttributes = {
					761BCCC52F0E95070086EC4D = {
						CreatedOnToolsVersion = 13.4.1;
					};
					761BCCD52F0E950A0086EC4D = {
						CreatedOnToolsVersion = 13.4.1;
						TestTargetID = 761BCCC52F0E95070086EC4D;
					};
					761BCCDF2F0E950A0086EC4D = {
						CreatedOnToolsVersion = 13.4.1;
						TestTargetID = 761BCCC52F0E95070086EC4D;
					};
				};
			};
			buildConfigurationList = 761BCCC12F0E95070086EC4D /* Build configuration list for PBXProject "CastReader" */;
			compatibilityVersion = "Xcode 13.0";
			developmentRegion = en;
			hasScannedForEncodings = 0;
			knownRegions = (
				en,
				Base,
			);
			mainGroup = 761BCCBD2F0E95070086EC4D;
			packageReferences = (
				7627B9F92F152C96006DED47 /* XCRemoteSwiftPackageReference "FluidAudio" */,
				76495AB82F1534C3002BA72E /* XCRemoteSwiftPackageReference "ZIPFoundation" */,
			);
			productRefGroup = 761BCCC72F0E95070086EC4D /* Products */;
			projectDirPath = "";
			projectRoot = "";
			targets = (
				761BCCC52F0E95070086EC4D /* CastReader */,
				761BCCD52F0E950A0086EC4D /* CastReaderTests */,
				761BCCDF2F0E950A0086EC4D /* CastReaderUITests */,
			);
		};
/* End PBXProject section */

/* Begin PBXResourcesBuildPhase section */
		761BCCC42F0E95070086EC4D /* Resources */ = {
			isa = PBXResourcesBuildPhase;
			buildActionMask = 2147483647;
			files = (
				761BCCD12F0E95090086EC4D /* Preview Assets.xcassets in Resources */,
				761BCCCE2F0E95090086EC4D /* Assets.xcassets in Resources */,
			);
			runOnlyForDeploymentPostprocessing = 0;
		};
		761BCCD42F0E950A0086EC4D /* Resources */ = {
			isa = PBXResourcesBuildPhase;
			buildActionMask = 2147483647;
			files = (
			);
			runOnlyForDeploymentPostprocessing = 0;
		};
		761BCCDE2F0E950A0086EC4D /* Resources */ = {
			isa = PBXResourcesBuildPhase;
			buildActionMask = 2147483647;
			files = (
			);
			runOnlyForDeploymentPostprocessing = 0;
		};
/* End PBXResourcesBuildPhase section */

/* Begin PBXSourcesBuildPhase section */
		761BCCC22F0E95070086EC4D /* Sources */ = {
			isa = PBXSourcesBuildPhase;
			buildActionMask = 2147483647;
			files = (
				761BCCCA2F0E95070086EC4D /* CastReaderApp.swift in Sources */,
				CCCD308BE6A47E2F89B74C12 /* Book.swift in Sources */,
				8943AEA4004B5AABA8A7D1C1 /* Chapter.swift in Sources */,
				0005E1F83148CBD79E6B3220 /* Document.swift in Sources */,
				A24C0D3C80E746EDB0C3F2B4 /* MarkdownModels.swift in Sources */,
				31037446F69538B432D7E385 /* TTSTimestamp.swift in Sources */,
				55C94E5A63B58FF7013C4ACC /* APIService.swift in Sources */,
				7C9206CC43A969E4BD7FA5D9 /* AudioPlayerService.swift in Sources */,
				F3B5AC2930DB6A8E5F250EC8 /* LocalTTSService.swift in Sources */,
				19D6D34E32F761A4BD9EA455 /* TTSService.swift in Sources */,
				3B9A02C4ADA43862AF2292EB /* ModelDownloadService.swift in Sources */,
				20A6F3D0968E064C3104260B /* VisitorService.swift in Sources */,
				DCC7F6DF9C7854D8BD105E7F /* AppTheme.swift in Sources */,
				46D193EC74973B8FB8941B30 /* Constants.swift in Sources */,
				D4FE373651D89F68C7C3B97F /* Extensions.swift in Sources */,
				D648749393A02215528E8982 /* MarkdownParser.swift in Sources */,
				8B3A235ED0D878DD2AA2064A /* CategoryListViewModel.swift in Sources */,
				9B6B5F01C3C64C37FA303702 /* ExploreViewModel.swift in Sources */,
				08D1AF84C2CA2F7724A68499 /* ImportViewModel.swift in Sources */,
				4EDA020C6BB4996ABC54E5BD /* LibraryViewModel.swift in Sources */,
				7600A7CF5F03430FF16635A8 /* PlayerViewModel.swift in Sources */,
				98DBE9927D1531BB00238959 /* BookCard.swift in Sources */,
				AA1EE7F14FC2456207C289C0 /* CategoryListView.swift in Sources */,
				57DB6686455F2888AFC5E0C0 /* CategorySection.swift in Sources */,
				9E268E97D6680EC339A3A477 /* ExploreView.swift in Sources */,
				E25B6D53A53CF3BD5921930C /* SearchView.swift in Sources */,
				065802F4A2DB82371CB20C48 /* ImportSheet.swift in Sources */,
				709B65EF0392C0D1F3A77F3A /* LibraryView.swift in Sources */,
				ECC39E460BCB203A98303874 /* MainTabView.swift in Sources */,
				0B9C3CC5BC4921142947B166 /* PlayerView.swift in Sources */,
				B4AB82F087309C87507F756A /* TTSModelSettingsView.swift in Sources */,
				2970F11FB2E110503F7834EC /* BookCoverImage.swift in Sources */,
				85FB22A3E1C7E887DD66F93A /* LoadingView.swift in Sources */,
			);
			runOnlyForDeploymentPostprocessing = 0;
		};
		761BCCD22F0E950A0086EC4D /* Sources */ = {
			isa = PBXSourcesBuildPhase;
			buildActionMask = 2147483647;
			files = (
				761BCCDB2F0E950A0086EC4D /* CastReaderTests.swift in Sources */,
			);
			runOnlyForDeploymentPostprocessing = 0;
		};
		761BCCDC2F0E950A0086EC4D /* Sources */ = {
			isa = PBXSourcesBuildPhase;
			buildActionMask = 2147483647;
			files = (
				761BCCE72F0E950A0086EC4D /* CastReaderUITestsLaunchTests.swift in Sources */,
				761BCCE52F0E950A0086EC4D /* CastReaderUITests.swift in Sources */,
			);
			runOnlyForDeploymentPostprocessing = 0;
		};
/* End PBXSourcesBuildPhase section */

/* Begin PBXTargetDependency section */
		761BCCD82F0E950A0086EC4D /* PBXTargetDependency */ = {
			isa = PBXTargetDependency;
			target = 761BCCC52F0E95070086EC4D /* CastReader */;
			targetProxy = 761BCCD72F0E950A0086EC4D /* PBXContainerItemProxy */;
		};
		761BCCE22F0E950A0086EC4D /* PBXTargetDependency */ = {
			isa = PBXTargetDependency;
			target = 761BCCC52F0E95070086EC4D /* CastReader */;
			targetProxy = 761BCCE12F0E950A0086EC4D /* PBXContainerItemProxy */;
		};
/* End PBXTargetDependency section */

/* Begin XCBuildConfiguration section */
		761BCCE82F0E950A0086EC4D /* Debug */ = {
			isa = XCBuildConfiguration;
			buildSettings = {
				ALWAYS_SEARCH_USER_PATHS = NO;
				CLANG_ANALYZER_NONNULL = YES;
				CLANG_ANALYZER_NUMBER_OBJECT_CONVERSION = YES_AGGRESSIVE;
				CLANG_CXX_LANGUAGE_STANDARD = "gnu++17";
				CLANG_ENABLE_MODULES = YES;
				CLANG_ENABLE_OBJC_ARC = YES;
				CLANG_ENABLE_OBJC_WEAK = YES;
				CLANG_WARN_BLOCK_CAPTURE_AUTORELEASING = YES;
				CLANG_WARN_BOOL_CONVERSION = YES;
				CLANG_WARN_COMMA = YES;
				CLANG_WARN_CONSTANT_CONVERSION = YES;
				CLANG_WARN_DEPRECATED_OBJC_IMPLEMENTATIONS = YES;
				CLANG_WARN_DIRECT_OBJC_ISA_USAGE = YES_ERROR;
				CLANG_WARN_DOCUMENTATION_COMMENTS = YES;
				CLANG_WARN_EMPTY_BODY = YES;
				CLANG_WARN_ENUM_CONVERSION = YES;
				CLANG_WARN_INFINITE_RECURSION = YES;
				CLANG_WARN_INT_CONVERSION = YES;
				CLANG_WARN_NON_LITERAL_NULL_CONVERSION = YES;
				CLANG_WARN_OBJC_IMPLICIT_RETAIN_SELF = YES;
				CLANG_WARN_OBJC_LITERAL_CONVERSION = YES;
				CLANG_WARN_OBJC_ROOT_CLASS = YES_ERROR;
				CLANG_WARN_QUOTED_INCLUDE_IN_FRAMEWORK_HEADER = YES;
				CLANG_WARN_RANGE_LOOP_ANALYSIS = YES;
				CLANG_WARN_STRICT_PROTOTYPES = YES;
				CLANG_WARN_SUSPICIOUS_MOVE = YES;
				CLANG_WARN_UNGUARDED_AVAILABILITY = YES_AGGRESSIVE;
				CLANG_WARN_UNREACHABLE_CODE = YES;
				CLANG_WARN__DUPLICATE_METHOD_MATCH = YES;
				COPY_PHASE_STRIP = NO;
				DEBUG_INFORMATION_FORMAT = dwarf;
				ENABLE_STRICT_OBJC_MSGSEND = YES;
				ENABLE_TESTABILITY = YES;
				GCC_C_LANGUAGE_STANDARD = gnu11;
				GCC_DYNAMIC_NO_PIC = NO;
				GCC_NO_COMMON_BLOCKS = YES;
				GCC_OPTIMIZATION_LEVEL = 0;
				GCC_PREPROCESSOR_DEFINITIONS = (
					"DEBUG=1",
					"$(inherited)",
				);
				GCC_WARN_64_TO_32_BIT_CONVERSION = YES;
				GCC_WARN_ABOUT_RETURN_TYPE = YES_ERROR;
				GCC_WARN_UNDECLARED_SELECTOR = YES;
				GCC_WARN_UNINITIALIZED_AUTOS = YES_AGGRESSIVE;
				GCC_WARN_UNUSED_FUNCTION = YES;
				GCC_WARN_UNUSED_VARIABLE = YES;
				IPHONEOS_DEPLOYMENT_TARGET = 15.5;
				MTL_ENABLE_DEBUG_INFO = INCLUDE_SOURCE;
				MTL_FAST_MATH = YES;
				ONLY_ACTIVE_ARCH = YES;
				SDKROOT = iphoneos;
				SWIFT_ACTIVE_COMPILATION_CONDITIONS = DEBUG;
				SWIFT_OPTIMIZATION_LEVEL = "-Onone";
			};
			name = Debug;
		};
		761BCCE92F0E950A0086EC4D /* Release */ = {
			isa = XCBuildConfiguration;
			buildSettings = {
				ALWAYS_SEARCH_USER_PATHS = NO;
				CLANG_ANALYZER_NONNULL = YES;
				CLANG_ANALYZER_NUMBER_OBJECT_CONVERSION = YES_AGGRESSIVE;
				CLANG_CXX_LANGUAGE_STANDARD = "gnu++17";
				CLANG_ENABLE_MODULES = YES;
				CLANG_ENABLE_OBJC_ARC = YES;
				CLANG_ENABLE_OBJC_WEAK = YES;
				CLANG_WARN_BLOCK_CAPTURE_AUTORELEASING = YES;
				CLANG_WARN_BOOL_CONVERSION = YES;
				CLANG_WARN_COMMA = YES;
				CLANG_WARN_CONSTANT_CONVERSION = YES;
				CLANG_WARN_DEPRECATED_OBJC_IMPLEMENTATIONS = YES;
				CLANG_WARN_DIRECT_OBJC_ISA_USAGE = YES_ERROR;
				CLANG_WARN_DOCUMENTATION_COMMENTS = YES;
				CLANG_WARN_EMPTY_BODY = YES;
				CLANG_WARN_ENUM_CONVERSION = YES;
				CLANG_WARN_INFINITE_RECURSION = YES;
				CLANG_WARN_INT_CONVERSION = YES;
				CLANG_WARN_NON_LITERAL_NULL_CONVERSION = YES;
				CLANG_WARN_OBJC_IMPLICIT_RETAIN_SELF = YES;
				CLANG_WARN_OBJC_LITERAL_CONVERSION = YES;
				CLANG_WARN_OBJC_ROOT_CLASS = YES_ERROR;
				CLANG_WARN_QUOTED_INCLUDE_IN_FRAMEWORK_HEADER = YES;
				CLANG_WARN_RANGE_LOOP_ANALYSIS = YES;
				CLANG_WARN_STRICT_PROTOTYPES = YES;
				CLANG_WARN_SUSPICIOUS_MOVE = YES;
				CLANG_WARN_UNGUARDED_AVAILABILITY = YES_AGGRESSIVE;
				CLANG_WARN_UNREACHABLE_CODE = YES;
				CLANG_WARN__DUPLICATE_METHOD_MATCH = YES;
				COPY_PHASE_STRIP = NO;
				DEBUG_INFORMATION_FORMAT = "dwarf-with-dsym";
				ENABLE_NS_ASSERTIONS = NO;
				ENABLE_STRICT_OBJC_MSGSEND = YES;
				GCC_C_LANGUAGE_STANDARD = gnu11;
				GCC_NO_COMMON_BLOCKS = YES;
				GCC_WARN_64_TO_32_BIT_CONVERSION = YES;
				GCC_WARN_ABOUT_RETURN_TYPE = YES_ERROR;
				GCC_WARN_UNDECLARED_SELECTOR = YES;
				GCC_WARN_UNINITIALIZED_AUTOS = YES_AGGRESSIVE;
				GCC_WARN_UNUSED_FUNCTION = YES;
				GCC_WARN_UNUSED_VARIABLE = YES;
				IPHONEOS_DEPLOYMENT_TARGET = 15.5;
				MTL_ENABLE_DEBUG_INFO = NO;
				MTL_FAST_MATH = YES;
				SDKROOT = iphoneos;
				SWIFT_COMPILATION_MODE = wholemodule;
				SWIFT_OPTIMIZATION_LEVEL = "-O";
				VALIDATE_PRODUCT = YES;
			};
			name = Release;
		};
		761BCCEB2F0E950A0086EC4D /* Debug */ = {
			isa = XCBuildConfiguration;
			buildSettings = {
				ASSETCATALOG_COMPILER_APPICON_NAME = AppIcon;
				ASSETCATALOG_COMPILER_GLOBAL_ACCENT_COLOR_NAME = AccentColor;
				CODE_SIGN_STYLE = Automatic;
				CURRENT_PROJECT_VERSION = 6;
				DEVELOPMENT_ASSET_PATHS = "\"CastReader/Preview Content\"";
				DEVELOPMENT_TEAM = KQW6UNZE8J;
				ENABLE_PREVIEWS = YES;
				GENERATE_INFOPLIST_FILE = YES;
				INFOPLIST_FILE = CastReader/Info.plist;
				INFOPLIST_KEY_LSApplicationCategoryType = "public.app-category.books";
				INFOPLIST_KEY_UIApplicationSceneManifest_Generation = YES;
				INFOPLIST_KEY_UIApplicationSupportsIndirectInputEvents = YES;
				INFOPLIST_KEY_UILaunchScreen_Generation = YES;
				INFOPLIST_KEY_UISupportedInterfaceOrientations_iPad = "UIInterfaceOrientationPortrait UIInterfaceOrientationPortraitUpsideDown UIInterfaceOrientationLandscapeLeft UIInterfaceOrientationLandscapeRight";
				INFOPLIST_KEY_UISupportedInterfaceOrientations_iPhone = "UIInterfaceOrientationPortrait UIInterfaceOrientationLandscapeLeft UIInterfaceOrientationLandscapeRight";
				IPHONEOS_DEPLOYMENT_TARGET = 17.6;
				LD_RUNPATH_SEARCH_PATHS = (
					"$(inherited)",
					"@executable_path/Frameworks",
				);
				MARKETING_VERSION = 1.0;
				PRODUCT_BUNDLE_IDENTIFIER = com.same.castreader;
				PRODUCT_NAME = "$(TARGET_NAME)";
				SUPPORTED_PLATFORMS = "iphoneos iphonesimulator";
				SUPPORTS_MACCATALYST = NO;
				SUPPORTS_MAC_DESIGNED_FOR_IPHONE_IPAD = NO;
				SUPPORTS_XR_DESIGNED_FOR_IPHONE_IPAD = NO;
				SWIFT_EMIT_LOC_STRINGS = YES;
				SWIFT_VERSION = 5.0;
				TARGETED_DEVICE_FAMILY = 1;
			};
			name = Debug;
		};
		761BCCEC2F0E950A0086EC4D /* Release */ = {
			isa = XCBuildConfiguration;
			buildSettings = {
				ASSETCATALOG_COMPILER_APPICON_NAME = AppIcon;
				ASSETCATALOG_COMPILER_GLOBAL_ACCENT_COLOR_NAME = AccentColor;
				CODE_SIGN_STYLE = Automatic;
				CURRENT_PROJECT_VERSION = 6;
				DEVELOPMENT_ASSET_PATHS = "\"CastReader/Preview Content\"";
				DEVELOPMENT_TEAM = KQW6UNZE8J;
				ENABLE_PREVIEWS = YES;
				GENERATE_INFOPLIST_FILE = YES;
				INFOPLIST_FILE = CastReader/Info.plist;
				INFOPLIST_KEY_LSApplicationCategoryType = "public.app-category.books";
				INFOPLIST_KEY_UIApplicationSceneManifest_Generation = YES;
				INFOPLIST_KEY_UIApplicationSupportsIndirectInputEvents = YES;
				INFOPLIST_KEY_UILaunchScreen_Generation = YES;
				INFOPLIST_KEY_UISupportedInterfaceOrientations_iPad = "UIInterfaceOrientationPortrait UIInterfaceOrientationPortraitUpsideDown UIInterfaceOrientationLandscapeLeft UIInterfaceOrientationLandscapeRight";
				INFOPLIST_KEY_UISupportedInterfaceOrientations_iPhone = "UIInterfaceOrientationPortrait UIInterfaceOrientationLandscapeLeft UIInterfaceOrientationLandscapeRight";
				IPHONEOS_DEPLOYMENT_TARGET = 17.6;
				LD_RUNPATH_SEARCH_PATHS = (
					"$(inherited)",
					"@executable_path/Frameworks",
				);
				MARKETING_VERSION = 1.0;
				PRODUCT_BUNDLE_IDENTIFIER = com.same.castreader;
				PRODUCT_NAME = "$(TARGET_NAME)";
				SUPPORTED_PLATFORMS = "iphoneos iphonesimulator";
				SUPPORTS_MACCATALYST = NO;
				SUPPORTS_MAC_DESIGNED_FOR_IPHONE_IPAD = NO;
				SUPPORTS_XR_DESIGNED_FOR_IPHONE_IPAD = NO;
				SWIFT_EMIT_LOC_STRINGS = YES;
				SWIFT_VERSION = 5.0;
				TARGETED_DEVICE_FAMILY = 1;
			};
			name = Release;
		};
		761BCCEE2F0E950A0086EC4D /* Debug */ = {
			isa = XCBuildConfiguration;
			buildSettings = {
				ALWAYS_EMBED_SWIFT_STANDARD_LIBRARIES = YES;
				BUNDLE_LOADER = "$(TEST_HOST)";
				CODE_SIGN_STYLE = Automatic;
				CURRENT_PROJECT_VERSION = 1;
				GENERATE_INFOPLIST_FILE = YES;
				IPHONEOS_DEPLOYMENT_TARGET = 15.5;
				MARKETING_VERSION = 1.0;
				PRODUCT_BUNDLE_IDENTIFIER = com.same.CastReaderTests;
				PRODUCT_NAME = "$(TARGET_NAME)";
				SWIFT_EMIT_LOC_STRINGS = NO;
				SWIFT_VERSION = 5.0;
				TARGETED_DEVICE_FAMILY = "1,2";
				TEST_HOST = "$(BUILT_PRODUCTS_DIR)/CastReader.app/CastReader";
			};
			name = Debug;
		};
		761BCCEF2F0E950A0086EC4D /* Release */ = {
			isa = XCBuildConfiguration;
			buildSettings = {
				ALWAYS_EMBED_SWIFT_STANDARD_LIBRARIES = YES;
				BUNDLE_LOADER = "$(TEST_HOST)";
				CODE_SIGN_STYLE = Automatic;
				CURRENT_PROJECT_VERSION = 1;
				GENERATE_INFOPLIST_FILE = YES;
				IPHONEOS_DEPLOYMENT_TARGET = 15.5;
				MARKETING_VERSION = 1.0;
				PRODUCT_BUNDLE_IDENTIFIER = com.same.CastReaderTests;
				PRODUCT_NAME = "$(TARGET_NAME)";
				SWIFT_EMIT_LOC_STRINGS = NO;
				SWIFT_VERSION = 5.0;
				TARGETED_DEVICE_FAMILY = "1,2";
				TEST_HOST = "$(BUILT_PRODUCTS_DIR)/CastReader.app/CastReader";
			};
			name = Release;
		};
		761BCCF12F0E950A0086EC4D /* Debug */ = {
			isa = XCBuildConfiguration;
			buildSettings = {
				ALWAYS_EMBED_SWIFT_STANDARD_LIBRARIES = YES;
				CODE_SIGN_STYLE = Automatic;
				CURRENT_PROJECT_VERSION = 1;
				GENERATE_INFOPLIST_FILE = YES;
				MARKETING_VERSION = 1.0;
				PRODUCT_BUNDLE_IDENTIFIER = com.same.CastReaderUITests;
				PRODUCT_NAME = "$(TARGET_NAME)";
				SWIFT_EMIT_LOC_STRINGS = NO;
				SWIFT_VERSION = 5.0;
				TARGETED_DEVICE_FAMILY = "1,2";
				TEST_TARGET_NAME = CastReader;
			};
			name = Debug;
		};
		761BCCF22F0E950A0086EC4D /* Release */ = {
			isa = XCBuildConfiguration;
			buildSettings = {
				ALWAYS_EMBED_SWIFT_STANDARD_LIBRARIES = YES;
				CODE_SIGN_STYLE = Automatic;
				CURRENT_PROJECT_VERSION = 1;
				GENERATE_INFOPLIST_FILE = YES;
				MARKETING_VERSION = 1.0;
				PRODUCT_BUNDLE_IDENTIFIER = com.same.CastReaderUITests;
				PRODUCT_NAME = "$(TARGET_NAME)";
				SWIFT_EMIT_LOC_STRINGS = NO;
				SWIFT_VERSION = 5.0;
				TARGETED_DEVICE_FAMILY = "1,2";
				TEST_TARGET_NAME = CastReader;
			};
			name = Release;
		};
/* End XCBuildConfiguration section */

/* Begin XCConfigurationList section */
		761BCCC12F0E95070086EC4D /* Build configuration list for PBXProject "CastReader" */ = {
			isa = XCConfigurationList;
			buildConfigurations = (
				761BCCE82F0E950A0086EC4D /* Debug */,
				761BCCE92F0E950A0086EC4D /* Release */,
			);
			defaultConfigurationIsVisible = 0;
			defaultConfigurationName = Release;
		};
		761BCCEA2F0E950A0086EC4D /* Build configuration list for PBXNativeTarget "CastReader" */ = {
			isa = XCConfigurationList;
			buildConfigurations = (
				761BCCEB2F0E950A0086EC4D /* Debug */,
				761BCCEC2F0E950A0086EC4D /* Release */,
			);
			defaultConfigurationIsVisible = 0;
			defaultConfigurationName = Release;
		};
		761BCCED2F0E950A0086EC4D /* Build configuration list for PBXNativeTarget "CastReaderTests" */ = {
			isa = XCConfigurationList;
			buildConfigurations = (
				761BCCEE2F0E950A0086EC4D /* Debug */,
				761BCCEF2F0E950A0086EC4D /* Release */,
			);
			defaultConfigurationIsVisible = 0;
			defaultConfigurationName = Release;
		};
		761BCCF02F0E950A0086EC4D /* Build configuration list for PBXNativeTarget "CastReaderUITests" */ = {
			isa = XCConfigurationList;
			buildConfigurations = (
				761BCCF12F0E950A0086EC4D /* Debug */,
				761BCCF22F0E950A0086EC4D /* Release */,
			);
			defaultConfigurationIsVisible = 0;
			defaultConfigurationName = Release;
		};
/* End XCConfigurationList section */

/* Begin XCRemoteSwiftPackageReference section */
		7627B9F92F152C96006DED47 /* XCRemoteSwiftPackageReference "FluidAudio" */ = {
			isa = XCRemoteSwiftPackageReference;
			repositoryURL = "https://github.com/FluidInference/FluidAudio.git";
			requirement = {
				branch = main;
				kind = branch;
			};
		};
		76495AB82F1534C3002BA72E /* XCRemoteSwiftPackageReference "ZIPFoundation" */ = {
			isa = XCRemoteSwiftPackageReference;
			repositoryURL = "https://github.com/weichsel/ZIPFoundation";
			requirement = {
				kind = upToNextMajorVersion;
				minimumVersion = 0.9.20;
			};
		};
/* End XCRemoteSwiftPackageReference section */

/* Begin XCSwiftPackageProductDependency section */
		76495AB62F152D59002BA72E /* FluidAudioTTS */ = {
			isa = XCSwiftPackageProductDependency;
			package = 7627B9F92F152C96006DED47 /* XCRemoteSwiftPackageReference "FluidAudio" */;
			productName = FluidAudioTTS;
		};
		76495AB92F1534C3002BA72E /* ZIPFoundation */ = {
			isa = XCSwiftPackageProductDependency;
			package = 76495AB82F1534C3002BA72E /* XCRemoteSwiftPackageReference "ZIPFoundation" */;
			productName = ZIPFoundation;
		};
		76FLUIDAUD0000000002 /* FluidAudio */ = {
			isa = XCSwiftPackageProductDependency;
			package = 7627B9F92F152C96006DED47 /* XCRemoteSwiftPackageReference "FluidAudio" */;
			productName = FluidAudio;
		};
/* End XCSwiftPackageProductDependency section */
	};
	rootObject = 761BCCBE2F0E95070086EC4D /* Project object */;
}
