// !$*UTF8*$!
{
	archiveVersion = 1;
	classes = {
	};
	objectVersion = 55;
	objects = {

/* Begin PBXBuildFile section */
		0005E1F83148CBD79E6B3220 /* Document.swift in Sources */ = {isa = PBXBuildFile; fileRef = 1E09BB529C1CA7779FDFB2EC /* Document.swift */; };
		02999253127ED65C58A45A15 /* PrivacyInfo.xcprivacy in Resources */ = {isa = PBXBuildFile; fileRef = A977595733911031D3CF809F /* PrivacyInfo.xcprivacy */; };
		0525370D4B5A98900BFAB55D /* WebReaderProtocol.swift in Sources */ = {isa = PBXBuildFile; fileRef = 32072C86884F9467DF21811E /* WebReaderProtocol.swift */; };
		058DC51AD4462A22F75912E9 /* PaymentTests.swift in Sources */ = {isa = PBXBuildFile; fileRef = 7E587B7C6F6E5EF9DF007378 /* PaymentTests.swift */; };
		08D1AF84C2CA2F7724A68499 /* ImportViewModel.swift in Sources */ = {isa = PBXBuildFile; fileRef = 5EAAB9BE64778DB5A65742C6 /* ImportViewModel.swift */; };
		188454A4A128F2B9E17F8B00 /* TextReaderView.swift in Sources */ = {isa = PBXBuildFile; fileRef = 4635DFCE285FD3F831DD58F9 /* TextReaderView.swift */; };
		19D6D34E32F761A4BD9EA455 /* TTSService.swift in Sources */ = {isa = PBXBuildFile; fileRef = C075E9F81D7FA6BAEDD4A775 /* TTSService.swift */; };
		20A6F3D0968E064C3104260B /* VisitorService.swift in Sources */ = {isa = PBXBuildFile; fileRef = 035BA1F9FD750A0DE6AE274E /* VisitorService.swift */; };
		2396BC3E3E0EC39F43D98C0F /* SeededGenerator.swift in Sources */ = {isa = PBXBuildFile; fileRef = 06778BF8CF82DBBACB1A8C2A /* SeededGenerator.swift */; };
		2924E5001405E1EB6EAF9D3E /* QuickReadService.swift in Sources */ = {isa = PBXBuildFile; fileRef = 989760FCB9802A2152633087 /* QuickReadService.swift */; };
		2970F11FB2E110503F7834EC /* BookCoverImage.swift in Sources */ = {isa = PBXBuildFile; fileRef = 45E5E7C17A4C01BDE86D45DE /* BookCoverImage.swift */; };
		2B1048F72F11BAFDB59D2583 /* OCRWordAligner.swift in Sources */ = {isa = PBXBuildFile; fileRef = 68434F1618AFA9A74E1F1A6D /* OCRWordAligner.swift */; };
		2BC88F017E87B9B95BA6C21A /* SwiftSoup in Frameworks */ = {isa = PBXBuildFile; productRef = 8CC63356326811112FC42981 /* SwiftSoup */; };
		2DF6F815ECAA3403198F1218 /* HandwrittenMark.swift in Sources */ = {isa = PBXBuildFile; fileRef = 9806136203478F27ACD5D77E /* HandwrittenMark.swift */; };
		31037446F69538B432D7E385 /* TTSTimestamp.swift in Sources */ = {isa = PBXBuildFile; fileRef = DC2307DC560054A8D7E0F928 /* TTSTimestamp.swift */; };
		375BF0E7E31D7C0FAE97BB01 /* DocumentBuilder.swift in Sources */ = {isa = PBXBuildFile; fileRef = 467FF23EFFB3CA089945B18F /* DocumentBuilder.swift */; };
		396ED2E14D9332E795839479 /* ReaderHostView.swift in Sources */ = {isa = PBXBuildFile; fileRef = 07C5692102E30283E5300278 /* ReaderHostView.swift */; };
		42FE55B5AA75265E033D7FED /* Quickread.swift in Sources */ = {isa = PBXBuildFile; fileRef = 768995DE8D8D4557614322AB /* Quickread.swift */; };
		43222177B639B5CCDBD5CDC8 /* ReaderTextView.swift in Sources */ = {isa = PBXBuildFile; fileRef = 5A5EC5FE2A5C178FCCC6A740 /* ReaderTextView.swift */; };
		46D193EC74973B8FB8941B30 /* Constants.swift in Sources */ = {isa = PBXBuildFile; fileRef = 7C02A0DA8EAECC475D1D7997 /* Constants.swift */; };
		4780431C541FD499944C06F0 /* Configuration.storekit in Resources */ = {isa = PBXBuildFile; fileRef = 174F134A7D0336854052F4EF /* Configuration.storekit */; };
		4A3DCDD74C67D188AC46C40D /* KindleHomeSection.swift in Sources */ = {isa = PBXBuildFile; fileRef = 298CCF6A858A721718B7DC2E /* KindleHomeSection.swift */; };
		4E290222F2404F7528D19598 /* KindleLibraryStore.swift in Sources */ = {isa = PBXBuildFile; fileRef = BBDBC83B1D102EB7F24C7676 /* KindleLibraryStore.swift */; };
		4EDA020C6BB4996ABC54E5BD /* LibraryViewModel.swift in Sources */ = {isa = PBXBuildFile; fileRef = BE3276E6DB4EE74AC0190DE1 /* LibraryViewModel.swift */; };
		55C94E5A63B58FF7013C4ACC /* APIService.swift in Sources */ = {isa = PBXBuildFile; fileRef = 144EE6CDB40D731B0BBC9411 /* APIService.swift */; };
		574FDD44C7D16765246A2831 /* ReadingDocument.swift in Sources */ = {isa = PBXBuildFile; fileRef = 2B8E1F3F9B55D193AB2EE331 /* ReadingDocument.swift */; };
		5A843BB0FE575CEE18DDDE37 /* LanguageDetector.swift in Sources */ = {isa = PBXBuildFile; fileRef = 020D39909BD79A47A92C8DE8 /* LanguageDetector.swift */; };
		5AA7BDC3F3DEEE9AC60BE213 /* EpubNativeEngine.swift in Sources */ = {isa = PBXBuildFile; fileRef = BC12BC5DEE2E394A543451D2 /* EpubNativeEngine.swift */; };
		5FEB7BC9D514A292A1FE775F /* MarkAnchoring.swift in Sources */ = {isa = PBXBuildFile; fileRef = CAF23353E46F86149DDB51A8 /* MarkAnchoring.swift */; };
		63E84E370C9B0A63159111ED /* ClipboardPromptView.swift in Sources */ = {isa = PBXBuildFile; fileRef = F80A4DBB36859B47B2273469 /* ClipboardPromptView.swift */; };
		67DFC48EFA05558011D7D22A /* UserAccount.swift in Sources */ = {isa = PBXBuildFile; fileRef = 187851CA43919EEC09E8D79B /* UserAccount.swift */; };
		67FF6D00C35D7200A192DBE9 /* HomeView.swift in Sources */ = {isa = PBXBuildFile; fileRef = EF3E61B1211E2CEA444F5B49 /* HomeView.swift */; };
		69D23EA3E1463C2294F516E0 /* PaywallView.swift in Sources */ = {isa = PBXBuildFile; fileRef = B0A1F6C23E6F8EF635DB91DD /* PaywallView.swift */; };
		6D778AB4052CBDAFA7D2FDB9 /* ReadingAnchorResolver.swift in Sources */ = {isa = PBXBuildFile; fileRef = C5F025428C7210C49D480AB1 /* ReadingAnchorResolver.swift */; };
		6EC7217C1E76819380A613BA /* OCRService.swift in Sources */ = {isa = PBXBuildFile; fileRef = 74C3338DEECCCDA259EBC639 /* OCRService.swift */; };
		709B65EF0392C0D1F3A77F3A /* LibraryView.swift in Sources */ = {isa = PBXBuildFile; fileRef = 48D9703C788196326AACDB7B /* LibraryView.swift */; };
		761BCCCA2F0E95070086EC4D /* CastReaderApp.swift in Sources */ = {isa = PBXBuildFile; fileRef = 761BCCC92F0E95070086EC4D /* CastReaderApp.swift */; };
		761BCCCE2F0E95090086EC4D /* Assets.xcassets in Resources */ = {isa = PBXBuildFile; fileRef = 761BCCCD2F0E95090086EC4D /* Assets.xcassets */; };
		761BCCD12F0E95090086EC4D /* Preview Assets.xcassets in Resources */ = {isa = PBXBuildFile; fileRef = 761BCCD02F0E95090086EC4D /* Preview Assets.xcassets */; };
		761BCCDB2F0E950A0086EC4D /* CastReaderTests.swift in Sources */ = {isa = PBXBuildFile; fileRef = 761BCCDA2F0E950A0086EC4D /* CastReaderTests.swift */; };
		761BCCE52F0E950A0086EC4D /* CastReaderUITests.swift in Sources */ = {isa = PBXBuildFile; fileRef = 761BCCE42F0E950A0086EC4D /* CastReaderUITests.swift */; };
		761BCCE72F0E950A0086EC4D /* CastReaderUITestsLaunchTests.swift in Sources */ = {isa = PBXBuildFile; fileRef = 761BCCE62F0E950A0086EC4D /* CastReaderUITestsLaunchTests.swift */; };
		76495ABA2F1534C3002BA72E /* ZIPFoundation in Frameworks */ = {isa = PBXBuildFile; productRef = 76495AB92F1534C3002BA72E /* ZIPFoundation */; };
		76A441A8BBB2B1CB3EFDB91A /* ExplainViewModel.swift in Sources */ = {isa = PBXBuildFile; fileRef = B373FC2B45A13AA82FB0FD30 /* ExplainViewModel.swift */; };
		76FLUIDBLD0000000001 /* (null) in Frameworks */ = {isa = PBXBuildFile; };
		7A87CF90A6092C2A7EC7E499 /* MiniPlayerView.swift in Sources */ = {isa = PBXBuildFile; fileRef = 2F1170791C6F934173139B1B /* MiniPlayerView.swift */; };
		7C9206CC43A969E4BD7FA5D9 /* AudioPlayerService.swift in Sources */ = {isa = PBXBuildFile; fileRef = ED1CD4EA3CA716A99DDA2B4D /* AudioPlayerService.swift */; };
		7E23B157C3C1DA4BB1EDD9FD /* HtmlParser.swift in Sources */ = {isa = PBXBuildFile; fileRef = F41BE56880C8C7B9D9CD236B /* HtmlParser.swift */; };
		7E8B0DB575500E582DAA6442 /* WebReaderView.swift in Sources */ = {isa = PBXBuildFile; fileRef = 03B68A4A671213FAED8231E5 /* WebReaderView.swift */; };
		83479E29E33329EFE6DAC339 /* EpubNativeEngineTests.swift in Sources */ = {isa = PBXBuildFile; fileRef = AE48668E6F7B4013D5E20614 /* EpubNativeEngineTests.swift */; };
		85FB22A3E1C7E887DD66F93A /* LoadingView.swift in Sources */ = {isa = PBXBuildFile; fileRef = 53B07686D718F5453993C85C /* LoadingView.swift */; };
		8859D20F57D88863FB3ABD52 /* PlayerCoordinator.swift in Sources */ = {isa = PBXBuildFile; fileRef = 23A4F93BD1FC55830448758A /* PlayerCoordinator.swift */; };
		8B6B18B0B3B11A16630F2203 /* CaptureFlowViewModel.swift in Sources */ = {isa = PBXBuildFile; fileRef = 26244EB362DCA3612517DA95 /* CaptureFlowViewModel.swift */; };
		8F350E95D7330E344D4B95A6 /* KindleWebScripts.swift in Sources */ = {isa = PBXBuildFile; fileRef = CE3160215D39E549FBA8E4DB /* KindleWebScripts.swift */; };
		9787BE867F33C58D3004572E /* TTSEndpoint.swift in Sources */ = {isa = PBXBuildFile; fileRef = B98E0E1FAA945F16B94CC2E2 /* TTSEndpoint.swift */; };
		97E3A9A71E038CB70FF41D58 /* PDFReaderView.swift in Sources */ = {isa = PBXBuildFile; fileRef = EF67CD316FCBDF59EE331C1E /* PDFReaderView.swift */; };
		99419D9FE98D3FDC6FE1411C /* PhotoReaderCanvas.swift in Sources */ = {isa = PBXBuildFile; fileRef = 75455BD2CEAED5005A9D36DE /* PhotoReaderCanvas.swift */; };
		9E891B727D0F746D1BFA7CC2 /* MarkOverlay.swift in Sources */ = {isa = PBXBuildFile; fileRef = 3DBBB57864E28A85EDCE490E /* MarkOverlay.swift */; };
		A126D74AEB0FE06C144195F7 /* QuotaManager.swift in Sources */ = {isa = PBXBuildFile; fileRef = C7FE0EB68407725AA80245C9 /* QuotaManager.swift */; };
		A24C0D3C80E746EDB0C3F2B4 /* MarkdownModels.swift in Sources */ = {isa = PBXBuildFile; fileRef = 0C5E70E862463DD9F23F6EE2 /* MarkdownModels.swift */; };
		A6216E364617BE044C63F5EC /* AuthService.swift in Sources */ = {isa = PBXBuildFile; fileRef = 6C2440FCF286F3BCF19EE6A9 /* AuthService.swift */; };
		A86A5F835CEE1334154FBEA1 /* KindleReaderView.swift in Sources */ = {isa = PBXBuildFile; fileRef = 9466AC2534634EF20AA55C6B /* KindleReaderView.swift */; };
		A87727771485EBDD69620C51 /* AppSettings.swift in Sources */ = {isa = PBXBuildFile; fileRef = 83B7BA09F489F3994B7F1FF1 /* AppSettings.swift */; };
		B08FFCB67C87DA7CA9F130BB /* ReadAloudViewModel.swift in Sources */ = {isa = PBXBuildFile; fileRef = CC4B7E35E1FE11E85C691860 /* ReadAloudViewModel.swift */; };
		B3835A9B6147558851C6B8E3 /* KindleModels.swift in Sources */ = {isa = PBXBuildFile; fileRef = 0FDB7AA65B14A77CE8F3746D /* KindleModels.swift */; };
		B50515E4BB5102D074CFABC8 /* LoginView.swift in Sources */ = {isa = PBXBuildFile; fileRef = F3672A44B520576EC77FEBFD /* LoginView.swift */; };
		B65F28112047820DD67441E8 /* SettingsView.swift in Sources */ = {isa = PBXBuildFile; fileRef = 1C7EC511EE228DC080069CB1 /* SettingsView.swift */; };
		BC39CAE4FD7F1E8A45F0EEA6 /* WebReaderBridge.swift in Sources */ = {isa = PBXBuildFile; fileRef = 41C6D1F6C29B805ADAEC3084 /* WebReaderBridge.swift */; };
		C47D5EE7DC204481D23D89F5 /* ClipboardImportViewModel.swift in Sources */ = {isa = PBXBuildFile; fileRef = E90124AB6C4AFE0AB9993A2A /* ClipboardImportViewModel.swift */; };
		C5A77CAE4365C3B001943305 /* ProBackendService.swift in Sources */ = {isa = PBXBuildFile; fileRef = 7191A3BE5B4AD135DF96CE22 /* ProBackendService.swift */; };
		C990FE317DA303416E42086A /* InfoPlist.xcstrings in Resources */ = {isa = PBXBuildFile; fileRef = 26B0798DA8771B6374DBAB25 /* InfoPlist.xcstrings */; };
		CC115A842E13C59A1E962681 /* KindleBookView.swift in Sources */ = {isa = PBXBuildFile; fileRef = D4916AA0517505E1777ED2B9 /* KindleBookView.swift */; };
		CD7BDED23F63701839A050C4 /* AppleSignInButton.swift in Sources */ = {isa = PBXBuildFile; fileRef = B1C37FD799726E19012B9615 /* AppleSignInButton.swift */; };
		D0DD5140972DEA3C1B10EEE5 /* CoverThumbnail.swift in Sources */ = {isa = PBXBuildFile; fileRef = 174BC266551FBEFFA5247FF5 /* CoverThumbnail.swift */; };
		D10418AD2A1418B11CFCB972 /* KeychainStore.swift in Sources */ = {isa = PBXBuildFile; fileRef = 403EC473101F3D63F2132B2B /* KeychainStore.swift */; };
		D1F3C188FEB7AEBBF4E612AD /* KindleLibraryConnectView.swift in Sources */ = {isa = PBXBuildFile; fileRef = 5872AA50806F6347DDDB9670 /* KindleLibraryConnectView.swift */; };
		D4FE373651D89F68C7C3B97F /* Extensions.swift in Sources */ = {isa = PBXBuildFile; fileRef = 69F977619F990E63A25E8D54 /* Extensions.swift */; };
		D648749393A02215528E8982 /* MarkdownParser.swift in Sources */ = {isa = PBXBuildFile; fileRef = 4AE83A44BF9B2CB95D430708 /* MarkdownParser.swift */; };
		DA7D716D85999E52ACC7ECAF /* HistoryStore.swift in Sources */ = {isa = PBXBuildFile; fileRef = C22F58DEB2517DA73708546F /* HistoryStore.swift */; };
		DB331682B15D55561FD966C5 /* ExplainControlBar.swift in Sources */ = {isa = PBXBuildFile; fileRef = 5CE5AF76E965881B57FA8FCD /* ExplainControlBar.swift */; };
		DCC7F6DF9C7854D8BD105E7F /* AppTheme.swift in Sources */ = {isa = PBXBuildFile; fileRef = 0872B9FD1954366BEDD17635 /* AppTheme.swift */; };
		DFAE2591504C5499D2DC8B0B /* EvalTests.swift in Sources */ = {isa = PBXBuildFile; fileRef = B4E88986C20D37D37D4F3685 /* EvalTests.swift */; };
		E0105256DAF7F2019D161A38 /* KindleLibraryView.swift in Sources */ = {isa = PBXBuildFile; fileRef = 84E410C30DD995DF7AD53FE7 /* KindleLibraryView.swift */; };
		E1FEA7B2F9A962BF615E4798 /* CameraView.swift in Sources */ = {isa = PBXBuildFile; fileRef = D82B6DD5DD6BE313FEAFB328 /* CameraView.swift */; };
		E80DE846E6E69769FC289153 /* WebReaderEvalTests.swift in Sources */ = {isa = PBXBuildFile; fileRef = B8DEDDFA8A2D6838F0F598FF /* WebReaderEvalTests.swift */; };
		EBE0466C77EBB2DE8C1F0963 /* Localizable.xcstrings in Resources */ = {isa = PBXBuildFile; fileRef = FC84C1F572243F57FE79E7B8 /* Localizable.xcstrings */; };
		ECC39E460BCB203A98303874 /* MainTabView.swift in Sources */ = {isa = PBXBuildFile; fileRef = B2AD9788A467F91EC7077C0C /* MainTabView.swift */; };
		EE4D394720F5B1991F6EE893 /* AuthService+Apple.swift in Sources */ = {isa = PBXBuildFile; fileRef = 292A281AE0671BB7710E62CA /* AuthService+Apple.swift */; };
		F128BE4D1D4512F4225ABDFB /* VoiceCatalog.swift in Sources */ = {isa = PBXBuildFile; fileRef = FB2025974499DFD8E820D265 /* VoiceCatalog.swift */; };
		F38B8E5581806AEBA733917A /* WebAssets in Resources */ = {isa = PBXBuildFile; fileRef = D697CF8D18FFD6D20B2846DA /* WebAssets */; };
		F5D0772B1880B5F5C546E8B7 /* ProManager.swift in Sources */ = {isa = PBXBuildFile; fileRef = CB2051F945B5FBF8A2750152 /* ProManager.swift */; };
		F64FB010D8BF89D169039054 /* UpgradeView.swift in Sources */ = {isa = PBXBuildFile; fileRef = BADFF78812F29A372D39115D /* UpgradeView.swift */; };
/* End PBXBuildFile section */

/* Begin PBXContainerItemProxy section */
		761BCCD72F0E950A0086EC4D /* PBXContainerItemProxy */ = {
			isa = PBXContainerItemProxy;
			containerPortal = 761BCCBE2F0E95070086EC4D /* Project object */;
			proxyType = 1;
			remoteGlobalIDString = 761BCCC52F0E95070086EC4D;
			remoteInfo = CastReader;
		};
		761BCCE12F0E950A0086EC4D /* PBXContainerItemProxy */ = {
			isa = PBXContainerItemProxy;
			containerPortal = 761BCCBE2F0E95070086EC4D /* Project object */;
			proxyType = 1;
			remoteGlobalIDString = 761BCCC52F0E95070086EC4D;
			remoteInfo = CastReader;
		};
/* End PBXContainerItemProxy section */

/* Begin PBXFileReference section */
		020D39909BD79A47A92C8DE8 /* LanguageDetector.swift */ = {isa = PBXFileReference; includeInIndex = 1; lastKnownFileType = sourcecode.swift; path = LanguageDetector.swift; sourceTree = "<group>"; };
		035BA1F9FD750A0DE6AE274E /* VisitorService.swift */ = {isa = PBXFileReference; lastKnownFileType = sourcecode.swift; path = VisitorService.swift; sourceTree = "<group>"; };
		03B68A4A671213FAED8231E5 /* WebReaderView.swift */ = {isa = PBXFileReference; includeInIndex = 1; lastKnownFileType = sourcecode.swift; path = WebReaderView.swift; sourceTree = "<group>"; };
		06778BF8CF82DBBACB1A8C2A /* SeededGenerator.swift */ = {isa = PBXFileReference; includeInIndex = 1; lastKnownFileType = sourcecode.swift; path = SeededGenerator.swift; sourceTree = "<group>"; };
		07C5692102E30283E5300278 /* ReaderHostView.swift */ = {isa = PBXFileReference; includeInIndex = 1; lastKnownFileType = sourcecode.swift; path = ReaderHostView.swift; sourceTree = "<group>"; };
		0872B9FD1954366BEDD17635 /* AppTheme.swift */ = {isa = PBXFileReference; lastKnownFileType = sourcecode.swift; path = AppTheme.swift; sourceTree = "<group>"; };
		0C5E70E862463DD9F23F6EE2 /* MarkdownModels.swift */ = {isa = PBXFileReference; lastKnownFileType = sourcecode.swift; path = MarkdownModels.swift; sourceTree = "<group>"; };
		0FDB7AA65B14A77CE8F3746D /* KindleModels.swift */ = {isa = PBXFileReference; includeInIndex = 1; lastKnownFileType = sourcecode.swift; path = KindleModels.swift; sourceTree = "<group>"; };
		144EE6CDB40D731B0BBC9411 /* APIService.swift */ = {isa = PBXFileReference; lastKnownFileType = sourcecode.swift; path = APIService.swift; sourceTree = "<group>"; };
		174BC266551FBEFFA5247FF5 /* CoverThumbnail.swift */ = {isa = PBXFileReference; includeInIndex = 1; lastKnownFileType = sourcecode.swift; path = CoverThumbnail.swift; sourceTree = "<group>"; };
		174F134A7D0336854052F4EF /* Configuration.storekit */ = {isa = PBXFileReference; includeInIndex = 1; lastKnownFileType = text; path = Configuration.storekit; sourceTree = "<group>"; };
		187851CA43919EEC09E8D79B /* UserAccount.swift */ = {isa = PBXFileReference; includeInIndex = 1; lastKnownFileType = sourcecode.swift; path = UserAccount.swift; sourceTree = "<group>"; };
		1C7EC511EE228DC080069CB1 /* SettingsView.swift */ = {isa = PBXFileReference; includeInIndex = 1; lastKnownFileType = sourcecode.swift; path = SettingsView.swift; sourceTree = "<group>"; };
		1E09BB529C1CA7779FDFB2EC /* Document.swift */ = {isa = PBXFileReference; lastKnownFileType = sourcecode.swift; path = Document.swift; sourceTree = "<group>"; };
		23A4F93BD1FC55830448758A /* PlayerCoordinator.swift */ = {isa = PBXFileReference; includeInIndex = 1; lastKnownFileType = sourcecode.swift; path = PlayerCoordinator.swift; sourceTree = "<group>"; };
		26244EB362DCA3612517DA95 /* CaptureFlowViewModel.swift */ = {isa = PBXFileReference; includeInIndex = 1; lastKnownFileType = sourcecode.swift; path = CaptureFlowViewModel.swift; sourceTree = "<group>"; };
		26B0798DA8771B6374DBAB25 /* InfoPlist.xcstrings */ = {isa = PBXFileReference; includeInIndex = 1; lastKnownFileType = text.json.xcstrings; path = InfoPlist.xcstrings; sourceTree = "<group>"; };
		292A281AE0671BB7710E62CA /* AuthService+Apple.swift */ = {isa = PBXFileReference; includeInIndex = 1; lastKnownFileType = sourcecode.swift; path = "AuthService+Apple.swift"; sourceTree = "<group>"; };
		298CCF6A858A721718B7DC2E /* KindleHomeSection.swift */ = {isa = PBXFileReference; includeInIndex = 1; lastKnownFileType = sourcecode.swift; path = KindleHomeSection.swift; sourceTree = "<group>"; };
		2B22F76C2D9B39DAC1371ED7 /* Secrets.xcconfig */ = {isa = PBXFileReference; includeInIndex = 1; lastKnownFileType = text.xcconfig; path = Secrets.xcconfig; sourceTree = "<group>"; };
		2B8E1F3F9B55D193AB2EE331 /* ReadingDocument.swift */ = {isa = PBXFileReference; includeInIndex = 1; lastKnownFileType = sourcecode.swift; path = ReadingDocument.swift; sourceTree = "<group>"; };
		2F1170791C6F934173139B1B /* MiniPlayerView.swift */ = {isa = PBXFileReference; includeInIndex = 1; lastKnownFileType = sourcecode.swift; path = MiniPlayerView.swift; sourceTree = "<group>"; };
		32072C86884F9467DF21811E /* WebReaderProtocol.swift */ = {isa = PBXFileReference; includeInIndex = 1; lastKnownFileType = sourcecode.swift; path = WebReaderProtocol.swift; sourceTree = "<group>"; };
		3DBBB57864E28A85EDCE490E /* MarkOverlay.swift */ = {isa = PBXFileReference; includeInIndex = 1; lastKnownFileType = sourcecode.swift; path = MarkOverlay.swift; sourceTree = "<group>"; };
		403EC473101F3D63F2132B2B /* KeychainStore.swift */ = {isa = PBXFileReference; includeInIndex = 1; lastKnownFileType = sourcecode.swift; path = KeychainStore.swift; sourceTree = "<group>"; };
		41C6D1F6C29B805ADAEC3084 /* WebReaderBridge.swift */ = {isa = PBXFileReference; includeInIndex = 1; lastKnownFileType = sourcecode.swift; path = WebReaderBridge.swift; sourceTree = "<group>"; };
		45E5E7C17A4C01BDE86D45DE /* BookCoverImage.swift */ = {isa = PBXFileReference; lastKnownFileType = sourcecode.swift; path = BookCoverImage.swift; sourceTree = "<group>"; };
		4635DFCE285FD3F831DD58F9 /* TextReaderView.swift */ = {isa = PBXFileReference; includeInIndex = 1; lastKnownFileType = sourcecode.swift; path = TextReaderView.swift; sourceTree = "<group>"; };
		467FF23EFFB3CA089945B18F /* DocumentBuilder.swift */ = {isa = PBXFileReference; includeInIndex = 1; lastKnownFileType = sourcecode.swift; path = DocumentBuilder.swift; sourceTree = "<group>"; };
		48D9703C788196326AACDB7B /* LibraryView.swift */ = {isa = PBXFileReference; lastKnownFileType = sourcecode.swift; path = LibraryView.swift; sourceTree = "<group>"; };
		4AE83A44BF9B2CB95D430708 /* MarkdownParser.swift */ = {isa = PBXFileReference; lastKnownFileType = sourcecode.swift; path = MarkdownParser.swift; sourceTree = "<group>"; };
		53B07686D718F5453993C85C /* LoadingView.swift */ = {isa = PBXFileReference; lastKnownFileType = sourcecode.swift; path = LoadingView.swift; sourceTree = "<group>"; };
		5872AA50806F6347DDDB9670 /* KindleLibraryConnectView.swift */ = {isa = PBXFileReference; includeInIndex = 1; lastKnownFileType = sourcecode.swift; path = KindleLibraryConnectView.swift; sourceTree = "<group>"; };
		5A5EC5FE2A5C178FCCC6A740 /* ReaderTextView.swift */ = {isa = PBXFileReference; includeInIndex = 1; lastKnownFileType = sourcecode.swift; path = ReaderTextView.swift; sourceTree = "<group>"; };
		5CE5AF76E965881B57FA8FCD /* ExplainControlBar.swift */ = {isa = PBXFileReference; includeInIndex = 1; lastKnownFileType = sourcecode.swift; path = ExplainControlBar.swift; sourceTree = "<group>"; };
		5EAAB9BE64778DB5A65742C6 /* ImportViewModel.swift */ = {isa = PBXFileReference; lastKnownFileType = sourcecode.swift; path = ImportViewModel.swift; sourceTree = "<group>"; };
		68434F1618AFA9A74E1F1A6D /* OCRWordAligner.swift */ = {isa = PBXFileReference; includeInIndex = 1; lastKnownFileType = sourcecode.swift; path = OCRWordAligner.swift; sourceTree = "<group>"; };
		69F977619F990E63A25E8D54 /* Extensions.swift */ = {isa = PBXFileReference; lastKnownFileType = sourcecode.swift; path = Extensions.swift; sourceTree = "<group>"; };
		6C2440FCF286F3BCF19EE6A9 /* AuthService.swift */ = {isa = PBXFileReference; includeInIndex = 1; lastKnownFileType = sourcecode.swift; path = AuthService.swift; sourceTree = "<group>"; };
		7191A3BE5B4AD135DF96CE22 /* ProBackendService.swift */ = {isa = PBXFileReference; includeInIndex = 1; lastKnownFileType = sourcecode.swift; path = ProBackendService.swift; sourceTree = "<group>"; };
		74C3338DEECCCDA259EBC639 /* OCRService.swift */ = {isa = PBXFileReference; includeInIndex = 1; lastKnownFileType = sourcecode.swift; path = OCRService.swift; sourceTree = "<group>"; };
		75455BD2CEAED5005A9D36DE /* PhotoReaderCanvas.swift */ = {isa = PBXFileReference; includeInIndex = 1; lastKnownFileType = sourcecode.swift; path = PhotoReaderCanvas.swift; sourceTree = "<group>"; };
		761BCCC62F0E95070086EC4D /* CastReader.app */ = {isa = PBXFileReference; explicitFileType = wrapper.application; includeInIndex = 0; path = CastReader.app; sourceTree = BUILT_PRODUCTS_DIR; };
		761BCCC92F0E95070086EC4D /* CastReaderApp.swift */ = {isa = PBXFileReference; lastKnownFileType = sourcecode.swift; path = CastReaderApp.swift; sourceTree = "<group>"; };
		761BCCCD2F0E95090086EC4D /* Assets.xcassets */ = {isa = PBXFileReference; lastKnownFileType = folder.assetcatalog; path = Assets.xcassets; sourceTree = "<group>"; };
		761BCCD02F0E95090086EC4D /* Preview Assets.xcassets */ = {isa = PBXFileReference; lastKnownFileType = folder.assetcatalog; path = "Preview Assets.xcassets"; sourceTree = "<group>"; };
		761BCCD62F0E950A0086EC4D /* CastReaderTests.xctest */ = {isa = PBXFileReference; explicitFileType = wrapper.cfbundle; includeInIndex = 0; path = CastReaderTests.xctest; sourceTree = BUILT_PRODUCTS_DIR; };
		761BCCDA2F0E950A0086EC4D /* CastReaderTests.swift */ = {isa = PBXFileReference; lastKnownFileType = sourcecode.swift; path = CastReaderTests.swift; sourceTree = "<group>"; };
		761BCCE02F0E950A0086EC4D /* CastReaderUITests.xctest */ = {isa = PBXFileReference; explicitFileType = wrapper.cfbundle; includeInIndex = 0; path = CastReaderUITests.xctest; sourceTree = BUILT_PRODUCTS_DIR; };
		761BCCE42F0E950A0086EC4D /* CastReaderUITests.swift */ = {isa = PBXFileReference; lastKnownFileType = sourcecode.swift; path = CastReaderUITests.swift; sourceTree = "<group>"; };
		761BCCE62F0E950A0086EC4D /* CastReaderUITestsLaunchTests.swift */ = {isa = PBXFileReference; lastKnownFileType = sourcecode.swift; path = CastReaderUITestsLaunchTests.swift; sourceTree = "<group>"; };
		76495ABB2F154837002BA72E /* Info.plist */ = {isa = PBXFileReference; lastKnownFileType = text.plist.xml; path = Info.plist; sourceTree = "<group>"; };
		768995DE8D8D4557614322AB /* Quickread.swift */ = {isa = PBXFileReference; includeInIndex = 1; lastKnownFileType = sourcecode.swift; path = Quickread.swift; sourceTree = "<group>"; };
		7C02A0DA8EAECC475D1D7997 /* Constants.swift */ = {isa = PBXFileReference; lastKnownFileType = sourcecode.swift; path = Constants.swift; sourceTree = "<group>"; };
		7E587B7C6F6E5EF9DF007378 /* PaymentTests.swift */ = {isa = PBXFileReference; includeInIndex = 1; lastKnownFileType = sourcecode.swift; path = PaymentTests.swift; sourceTree = "<group>"; };
		83B7BA09F489F3994B7F1FF1 /* AppSettings.swift */ = {isa = PBXFileReference; includeInIndex = 1; lastKnownFileType = sourcecode.swift; path = AppSettings.swift; sourceTree = "<group>"; };
		84E410C30DD995DF7AD53FE7 /* KindleLibraryView.swift */ = {isa = PBXFileReference; includeInIndex = 1; lastKnownFileType = sourcecode.swift; path = KindleLibraryView.swift; sourceTree = "<group>"; };
		9466AC2534634EF20AA55C6B /* KindleReaderView.swift */ = {isa = PBXFileReference; includeInIndex = 1; lastKnownFileType = sourcecode.swift; path = KindleReaderView.swift; sourceTree = "<group>"; };
		9806136203478F27ACD5D77E /* HandwrittenMark.swift */ = {isa = PBXFileReference; includeInIndex = 1; lastKnownFileType = sourcecode.swift; path = HandwrittenMark.swift; sourceTree = "<group>"; };
		989760FCB9802A2152633087 /* QuickReadService.swift */ = {isa = PBXFileReference; includeInIndex = 1; lastKnownFileType = sourcecode.swift; path = QuickReadService.swift; sourceTree = "<group>"; };
		A977595733911031D3CF809F /* PrivacyInfo.xcprivacy */ = {isa = PBXFileReference; includeInIndex = 1; lastKnownFileType = text.xml; path = PrivacyInfo.xcprivacy; sourceTree = "<group>"; };
		AE48668E6F7B4013D5E20614 /* EpubNativeEngineTests.swift */ = {isa = PBXFileReference; includeInIndex = 1; lastKnownFileType = sourcecode.swift; path = EpubNativeEngineTests.swift; sourceTree = "<group>"; };
		B0A1F6C23E6F8EF635DB91DD /* PaywallView.swift */ = {isa = PBXFileReference; includeInIndex = 1; lastKnownFileType = sourcecode.swift; path = PaywallView.swift; sourceTree = "<group>"; };
		B1C37FD799726E19012B9615 /* AppleSignInButton.swift */ = {isa = PBXFileReference; includeInIndex = 1; lastKnownFileType = sourcecode.swift; path = AppleSignInButton.swift; sourceTree = "<group>"; };
		B2AD9788A467F91EC7077C0C /* MainTabView.swift */ = {isa = PBXFileReference; lastKnownFileType = sourcecode.swift; path = MainTabView.swift; sourceTree = "<group>"; };
		B373FC2B45A13AA82FB0FD30 /* ExplainViewModel.swift */ = {isa = PBXFileReference; includeInIndex = 1; lastKnownFileType = sourcecode.swift; path = ExplainViewModel.swift; sourceTree = "<group>"; };
		B4E88986C20D37D37D4F3685 /* EvalTests.swift */ = {isa = PBXFileReference; includeInIndex = 1; lastKnownFileType = sourcecode.swift; path = EvalTests.swift; sourceTree = "<group>"; };
		B8DEDDFA8A2D6838F0F598FF /* WebReaderEvalTests.swift */ = {isa = PBXFileReference; includeInIndex = 1; lastKnownFileType = sourcecode.swift; path = WebReaderEvalTests.swift; sourceTree = "<group>"; };
		B98E0E1FAA945F16B94CC2E2 /* TTSEndpoint.swift */ = {isa = PBXFileReference; includeInIndex = 1; lastKnownFileType = sourcecode.swift; path = TTSEndpoint.swift; sourceTree = "<group>"; };
		BADFF78812F29A372D39115D /* UpgradeView.swift */ = {isa = PBXFileReference; includeInIndex = 1; lastKnownFileType = sourcecode.swift; path = UpgradeView.swift; sourceTree = "<group>"; };
		BBDBC83B1D102EB7F24C7676 /* KindleLibraryStore.swift */ = {isa = PBXFileReference; includeInIndex = 1; lastKnownFileType = sourcecode.swift; path = KindleLibraryStore.swift; sourceTree = "<group>"; };
		BC12BC5DEE2E394A543451D2 /* EpubNativeEngine.swift */ = {isa = PBXFileReference; includeInIndex = 1; lastKnownFileType = sourcecode.swift; path = EpubNativeEngine.swift; sourceTree = "<group>"; };
		BE3276E6DB4EE74AC0190DE1 /* LibraryViewModel.swift */ = {isa = PBXFileReference; lastKnownFileType = sourcecode.swift; path = LibraryViewModel.swift; sourceTree = "<group>"; };
		C075E9F81D7FA6BAEDD4A775 /* TTSService.swift */ = {isa = PBXFileReference; lastKnownFileType = sourcecode.swift; path = TTSService.swift; sourceTree = "<group>"; };
		C22F58DEB2517DA73708546F /* HistoryStore.swift */ = {isa = PBXFileReference; includeInIndex = 1; lastKnownFileType = sourcecode.swift; path = HistoryStore.swift; sourceTree = "<group>"; };
		C5F025428C7210C49D480AB1 /* ReadingAnchorResolver.swift */ = {isa = PBXFileReference; includeInIndex = 1; lastKnownFileType = sourcecode.swift; path = ReadingAnchorResolver.swift; sourceTree = "<group>"; };
		C7FE0EB68407725AA80245C9 /* QuotaManager.swift */ = {isa = PBXFileReference; includeInIndex = 1; lastKnownFileType = sourcecode.swift; path = QuotaManager.swift; sourceTree = "<group>"; };
		CAF23353E46F86149DDB51A8 /* MarkAnchoring.swift */ = {isa = PBXFileReference; includeInIndex = 1; lastKnownFileType = sourcecode.swift; path = MarkAnchoring.swift; sourceTree = "<group>"; };
		CB2051F945B5FBF8A2750152 /* ProManager.swift */ = {isa = PBXFileReference; includeInIndex = 1; lastKnownFileType = sourcecode.swift; path = ProManager.swift; sourceTree = "<group>"; };
		CC4B7E35E1FE11E85C691860 /* ReadAloudViewModel.swift */ = {isa = PBXFileReference; includeInIndex = 1; lastKnownFileType = sourcecode.swift; path = ReadAloudViewModel.swift; sourceTree = "<group>"; };
		CE3160215D39E549FBA8E4DB /* KindleWebScripts.swift */ = {isa = PBXFileReference; includeInIndex = 1; lastKnownFileType = sourcecode.swift; path = KindleWebScripts.swift; sourceTree = "<group>"; };
		D4916AA0517505E1777ED2B9 /* KindleBookView.swift */ = {isa = PBXFileReference; includeInIndex = 1; lastKnownFileType = sourcecode.swift; path = KindleBookView.swift; sourceTree = "<group>"; };
		D697CF8D18FFD6D20B2846DA /* WebAssets */ = {isa = PBXFileReference; includeInIndex = 1; lastKnownFileType = folder; path = WebAssets; sourceTree = "<group>"; };
		D82B6DD5DD6BE313FEAFB328 /* CameraView.swift */ = {isa = PBXFileReference; includeInIndex = 1; lastKnownFileType = sourcecode.swift; path = CameraView.swift; sourceTree = "<group>"; };
		DC2307DC560054A8D7E0F928 /* TTSTimestamp.swift */ = {isa = PBXFileReference; lastKnownFileType = sourcecode.swift; path = TTSTimestamp.swift; sourceTree = "<group>"; };
		E90124AB6C4AFE0AB9993A2A /* ClipboardImportViewModel.swift */ = {isa = PBXFileReference; includeInIndex = 1; lastKnownFileType = sourcecode.swift; path = ClipboardImportViewModel.swift; sourceTree = "<group>"; };
		ED1CD4EA3CA716A99DDA2B4D /* AudioPlayerService.swift */ = {isa = PBXFileReference; lastKnownFileType = sourcecode.swift; path = AudioPlayerService.swift; sourceTree = "<group>"; };
		EF3E61B1211E2CEA444F5B49 /* HomeView.swift */ = {isa = PBXFileReference; includeInIndex = 1; lastKnownFileType = sourcecode.swift; path = HomeView.swift; sourceTree = "<group>"; };
		EF67CD316FCBDF59EE331C1E /* PDFReaderView.swift */ = {isa = PBXFileReference; includeInIndex = 1; lastKnownFileType = sourcecode.swift; path = PDFReaderView.swift; sourceTree = "<group>"; };
		F3672A44B520576EC77FEBFD /* LoginView.swift */ = {isa = PBXFileReference; includeInIndex = 1; lastKnownFileType = sourcecode.swift; path = LoginView.swift; sourceTree = "<group>"; };
		F41BE56880C8C7B9D9CD236B /* HtmlParser.swift */ = {isa = PBXFileReference; includeInIndex = 1; lastKnownFileType = sourcecode.swift; path = HtmlParser.swift; sourceTree = "<group>"; };
		F80A4DBB36859B47B2273469 /* ClipboardPromptView.swift */ = {isa = PBXFileReference; includeInIndex = 1; lastKnownFileType = sourcecode.swift; path = ClipboardPromptView.swift; sourceTree = "<group>"; };
		FB2025974499DFD8E820D265 /* VoiceCatalog.swift */ = {isa = PBXFileReference; includeInIndex = 1; lastKnownFileType = sourcecode.swift; path = VoiceCatalog.swift; sourceTree = "<group>"; };
		FC84C1F572243F57FE79E7B8 /* Localizable.xcstrings */ = {isa = PBXFileReference; includeInIndex = 1; lastKnownFileType = text.json.xcstrings; path = Localizable.xcstrings; sourceTree = "<group>"; };
/* End PBXFileReference section */

/* Begin PBXFrameworksBuildPhase section */
		761BCCC32F0E95070086EC4D /* Frameworks */ = {
			isa = PBXFrameworksBuildPhase;
			buildActionMask = 2147483647;
			files = (
				76FLUIDBLD0000000001 /* (null) in Frameworks */,
				76495ABA2F1534C3002BA72E /* ZIPFoundation in Frameworks */,
				2BC88F017E87B9B95BA6C21A /* SwiftSoup in Frameworks */,
			);
			runOnlyForDeploymentPostprocessing = 0;
		};
/* End PBXFrameworksBuildPhase section */

/* Begin PBXGroup section */
		03E5EBC8778706334649F8DE /* ViewModels */ = {
			isa = PBXGroup;
			children = (
				5EAAB9BE64778DB5A65742C6 /* ImportViewModel.swift */,
				BE3276E6DB4EE74AC0190DE1 /* LibraryViewModel.swift */,
				CC4B7E35E1FE11E85C691860 /* ReadAloudViewModel.swift */,
				B373FC2B45A13AA82FB0FD30 /* ExplainViewModel.swift */,
				26244EB362DCA3612517DA95 /* CaptureFlowViewModel.swift */,
				23A4F93BD1FC55830448758A /* PlayerCoordinator.swift */,
				E90124AB6C4AFE0AB9993A2A /* ClipboardImportViewModel.swift */,
			);
			path = ViewModels;
			sourceTree = "<group>";
		};
		0D82BF4F95CDA8E26DF05491 /* Shared */ = {
			isa = PBXGroup;
			children = (
				45E5E7C17A4C01BDE86D45DE /* BookCoverImage.swift */,
				53B07686D718F5453993C85C /* LoadingView.swift */,
			);
			path = Shared;
			sourceTree = "<group>";
		};
		1F759FC1C06F24C1715CE011 /* Explore */ = {
			isa = PBXGroup;
			children = (
			);
			path = Explore;
			sourceTree = "<group>";
		};
		27836D2E649757BB99E6DF18 /* Settings */ = {
			isa = PBXGroup;
			children = (
				1C7EC511EE228DC080069CB1 /* SettingsView.swift */,
			);
			path = Settings;
			sourceTree = "<group>";
		};
		3F8FD5B40702BEB30DED3E07 /* Capture */ = {
			isa = PBXGroup;
			children = (
				D82B6DD5DD6BE313FEAFB328 /* CameraView.swift */,
			);
			path = Capture;
			sourceTree = "<group>";
		};
		4536F8A178639CDA377654F5 /* Player */ = {
			isa = PBXGroup;
			children = (
				2F1170791C6F934173139B1B /* MiniPlayerView.swift */,
			);
			path = Player;
			sourceTree = "<group>";
		};
		5C51A231205AAD16A62DAF41 /* Models */ = {
			isa = PBXGroup;
			children = (
				1E09BB529C1CA7779FDFB2EC /* Document.swift */,
				0C5E70E862463DD9F23F6EE2 /* MarkdownModels.swift */,
				DC2307DC560054A8D7E0F928 /* TTSTimestamp.swift */,
				2B8E1F3F9B55D193AB2EE331 /* ReadingDocument.swift */,
				768995DE8D8D4557614322AB /* Quickread.swift */,
				83B7BA09F489F3994B7F1FF1 /* AppSettings.swift */,
				FB2025974499DFD8E820D265 /* VoiceCatalog.swift */,
				187851CA43919EEC09E8D79B /* UserAccount.swift */,
				32072C86884F9467DF21811E /* WebReaderProtocol.swift */,
				0FDB7AA65B14A77CE8F3746D /* KindleModels.swift */,
			);
			path = Models;
			sourceTree = "<group>";
		};
		744988C36470A8D15432BB1C /* Library */ = {
			isa = PBXGroup;
			children = (
				48D9703C788196326AACDB7B /* LibraryView.swift */,
			);
			path = Library;
			sourceTree = "<group>";
		};
		761BCCBD2F0E95070086EC4D = {
			isa = PBXGroup;
			children = (
				761BCCC82F0E95070086EC4D /* CastReader */,
				761BCCD92F0E950A0086EC4D /* CastReaderTests */,
				761BCCE32F0E950A0086EC4D /* CastReaderUITests */,
				76495AB12F152D59002BA72E /* Frameworks */,
				761BCCC72F0E95070086EC4D /* Products */,
				174F134A7D0336854052F4EF /* Configuration.storekit */,
				2B22F76C2D9B39DAC1371ED7 /* Secrets.xcconfig */,
			);
			sourceTree = "<group>";
		};
		761BCCC72F0E95070086EC4D /* Products */ = {
			isa = PBXGroup;
			children = (
				761BCCC62F0E95070086EC4D /* CastReader.app */,
				761BCCD62F0E950A0086EC4D /* CastReaderTests.xctest */,
				761BCCE02F0E950A0086EC4D /* CastReaderUITests.xctest */,
			);
			name = Products;
			sourceTree = "<group>";
		};
		761BCCC82F0E95070086EC4D /* CastReader */ = {
			isa = PBXGroup;
			children = (
				76495ABB2F154837002BA72E /* Info.plist */,
				5C51A231205AAD16A62DAF41 /* Models */,
				F39327D7A7F80D9379D5C22E /* Services */,
				03E5EBC8778706334649F8DE /* ViewModels */,
				E8481D69D82E41BCE2A03884 /* Views */,
				92D1D03CF15E37BF230950C9 /* Utils */,
				761BCCC92F0E95070086EC4D /* CastReaderApp.swift */,
				761BCCCD2F0E95090086EC4D /* Assets.xcassets */,
				761BCCCF2F0E95090086EC4D /* Preview Content */,
				D697CF8D18FFD6D20B2846DA /* WebAssets */,
				FC84C1F572243F57FE79E7B8 /* Localizable.xcstrings */,
				A977595733911031D3CF809F /* PrivacyInfo.xcprivacy */,
				26B0798DA8771B6374DBAB25 /* InfoPlist.xcstrings */,
			);
			path = CastReader;
			sourceTree = "<group>";
		};
		761BCCCF2F0E95090086EC4D /* Preview Content */ = {
			isa = PBXGroup;
			children = (
				761BCCD02F0E95090086EC4D /* Preview Assets.xcassets */,
			);
			path = "Preview Content";
			sourceTree = "<group>";
		};
		761BCCD92F0E950A0086EC4D /* CastReaderTests */ = {
			isa = PBXGroup;
			children = (
				761BCCDA2F0E950A0086EC4D /* CastReaderTests.swift */,
				7E587B7C6F6E5EF9DF007378 /* PaymentTests.swift */,
				B4E88986C20D37D37D4F3685 /* EvalTests.swift */,
				B8DEDDFA8A2D6838F0F598FF /* WebReaderEvalTests.swift */,
				AE48668E6F7B4013D5E20614 /* EpubNativeEngineTests.swift */,
			);
			path = CastReaderTests;
			sourceTree = "<group>";
		};
		761BCCE32F0E950A0086EC4D /* CastReaderUITests */ = {
			isa = PBXGroup;
			children = (
				761BCCE42F0E950A0086EC4D /* CastReaderUITests.swift */,
				761BCCE62F0E950A0086EC4D /* CastReaderUITestsLaunchTests.swift */,
			);
			path = CastReaderUITests;
			sourceTree = "<group>";
		};
		76495AB12F152D59002BA72E /* Frameworks */ = {
			isa = PBXGroup;
			children = (
			);
			name = Frameworks;
			sourceTree = "<group>";
		};
		92D1D03CF15E37BF230950C9 /* Utils */ = {
			isa = PBXGroup;
			children = (
				0872B9FD1954366BEDD17635 /* AppTheme.swift */,
				7C02A0DA8EAECC475D1D7997 /* Constants.swift */,
				69F977619F990E63A25E8D54 /* Extensions.swift */,
				4AE83A44BF9B2CB95D430708 /* MarkdownParser.swift */,
				06778BF8CF82DBBACB1A8C2A /* SeededGenerator.swift */,
				9806136203478F27ACD5D77E /* HandwrittenMark.swift */,
				C5F025428C7210C49D480AB1 /* ReadingAnchorResolver.swift */,
				CAF23353E46F86149DDB51A8 /* MarkAnchoring.swift */,
				467FF23EFFB3CA089945B18F /* DocumentBuilder.swift */,
				020D39909BD79A47A92C8DE8 /* LanguageDetector.swift */,
				F41BE56880C8C7B9D9CD236B /* HtmlParser.swift */,
				68434F1618AFA9A74E1F1A6D /* OCRWordAligner.swift */,
			);
			path = Utils;
			sourceTree = "<group>";
		};
		9D177D35186DFF0DA9FE8F39 /* Explain */ = {
			isa = PBXGroup;
			children = (
				5CE5AF76E965881B57FA8FCD /* ExplainControlBar.swift */,
			);
			path = Explain;
			sourceTree = "<group>";
		};
		B2C2E4C9B4D5498FE41A2E09 /* Paywall */ = {
			isa = PBXGroup;
			children = (
				B0A1F6C23E6F8EF635DB91DD /* PaywallView.swift */,
				BADFF78812F29A372D39115D /* UpgradeView.swift */,
			);
			path = Paywall;
			sourceTree = "<group>";
		};
		C93C3FA8FF9B25C6AD7AA0E4 /* Home */ = {
			isa = PBXGroup;
			children = (
				EF3E61B1211E2CEA444F5B49 /* HomeView.swift */,
				F80A4DBB36859B47B2273469 /* ClipboardPromptView.swift */,
			);
			path = Home;
			sourceTree = "<group>";
		};
		D281A75893F529EEB8EF8118 /* Reader */ = {
			isa = PBXGroup;
			children = (
				5A5EC5FE2A5C178FCCC6A740 /* ReaderTextView.swift */,
				3DBBB57864E28A85EDCE490E /* MarkOverlay.swift */,
				07C5692102E30283E5300278 /* ReaderHostView.swift */,
				75455BD2CEAED5005A9D36DE /* PhotoReaderCanvas.swift */,
				4635DFCE285FD3F831DD58F9 /* TextReaderView.swift */,
				03B68A4A671213FAED8231E5 /* WebReaderView.swift */,
				EF67CD316FCBDF59EE331C1E /* PDFReaderView.swift */,
				9466AC2534634EF20AA55C6B /* KindleReaderView.swift */,
			);
			path = Reader;
			sourceTree = "<group>";
		};
		DA0A7D316F112EE287F15DA3 /* Auth */ = {
			isa = PBXGroup;
			children = (
				F3672A44B520576EC77FEBFD /* LoginView.swift */,
				B1C37FD799726E19012B9615 /* AppleSignInButton.swift */,
			);
			path = Auth;
			sourceTree = "<group>";
		};
		E8481D69D82E41BCE2A03884 /* Views */ = {
			isa = PBXGroup;
			children = (
				1F759FC1C06F24C1715CE011 /* Explore */,
				F5A927F15D4E5ED1240402FD /* Import */,
				744988C36470A8D15432BB1C /* Library */,
				4536F8A178639CDA377654F5 /* Player */,
				27836D2E649757BB99E6DF18 /* Settings */,
				0D82BF4F95CDA8E26DF05491 /* Shared */,
				B2AD9788A467F91EC7077C0C /* MainTabView.swift */,
				D281A75893F529EEB8EF8118 /* Reader */,
				9D177D35186DFF0DA9FE8F39 /* Explain */,
				C93C3FA8FF9B25C6AD7AA0E4 /* Home */,
				3F8FD5B40702BEB30DED3E07 /* Capture */,
				B2C2E4C9B4D5498FE41A2E09 /* Paywall */,
				DA0A7D316F112EE287F15DA3 /* Auth */,
				174BC266551FBEFFA5247FF5 /* CoverThumbnail.swift */,
				FC5405A1A1F21FFFB93FB397 /* Kindle */,
			);
			path = Views;
			sourceTree = "<group>";
		};
		F39327D7A7F80D9379D5C22E /* Services */ = {
			isa = PBXGroup;
			children = (
				144EE6CDB40D731B0BBC9411 /* APIService.swift */,
				ED1CD4EA3CA716A99DDA2B4D /* AudioPlayerService.swift */,
				C075E9F81D7FA6BAEDD4A775 /* TTSService.swift */,
				035BA1F9FD750A0DE6AE274E /* VisitorService.swift */,
				C7FE0EB68407725AA80245C9 /* QuotaManager.swift */,
				CB2051F945B5FBF8A2750152 /* ProManager.swift */,
				74C3338DEECCCDA259EBC639 /* OCRService.swift */,
				989760FCB9802A2152633087 /* QuickReadService.swift */,
				403EC473101F3D63F2132B2B /* KeychainStore.swift */,
				6C2440FCF286F3BCF19EE6A9 /* AuthService.swift */,
				7191A3BE5B4AD135DF96CE22 /* ProBackendService.swift */,
				292A281AE0671BB7710E62CA /* AuthService+Apple.swift */,
				B98E0E1FAA945F16B94CC2E2 /* TTSEndpoint.swift */,
				41C6D1F6C29B805ADAEC3084 /* WebReaderBridge.swift */,
				C22F58DEB2517DA73708546F /* HistoryStore.swift */,
				BC12BC5DEE2E394A543451D2 /* EpubNativeEngine.swift */,
				BBDBC83B1D102EB7F24C7676 /* KindleLibraryStore.swift */,
				CE3160215D39E549FBA8E4DB /* KindleWebScripts.swift */,
			);
			path = Services;
			sourceTree = "<group>";
		};
		F5A927F15D4E5ED1240402FD /* Import */ = {
			isa = PBXGroup;
			children = (
			);
			path = Import;
			sourceTree = "<group>";
		};
		FC5405A1A1F21FFFB93FB397 /* Kindle */ = {
			isa = PBXGroup;
			children = (
				5872AA50806F6347DDDB9670 /* KindleLibraryConnectView.swift */,
				D4916AA0517505E1777ED2B9 /* KindleBookView.swift */,
				298CCF6A858A721718B7DC2E /* KindleHomeSection.swift */,
				84E410C30DD995DF7AD53FE7 /* KindleLibraryView.swift */,
			);
			path = Kindle;
			sourceTree = "<group>";
		};
/* End PBXGroup section */

/* Begin PBXNativeTarget section */
		761BCCC52F0E95070086EC4D /* CastReader */ = {
			isa = PBXNativeTarget;
			buildConfigurationList = 761BCCEA2F0E950A0086EC4D /* Build configuration list for PBXNativeTarget "CastReader" */;
			buildPhases = (
				761BCCC22F0E95070086EC4D /* Sources */,
				761BCCC32F0E95070086EC4D /* Frameworks */,
				761BCCC42F0E95070086EC4D /* Resources */,
			);
			buildRules = (
			);
			dependencies = (
			);
			name = CastReader;
			packageProductDependencies = (
				76495AB92F1534C3002BA72E /* ZIPFoundation */,
				8CC63356326811112FC42981 /* SwiftSoup */,
			);
			productName = CastReader;
			productReference = 761BCCC62F0E95070086EC4D /* CastReader.app */;
			productType = "com.apple.product-type.application";
		};
		761BCCD52F0E950A0086EC4D /* CastReaderTests */ = {
			isa = PBXNativeTarget;
			buildConfigurationList = 761BCCED2F0E950A0086EC4D /* Build configuration list for PBXNativeTarget "CastReaderTests" */;
			buildPhases = (
				761BCCD22F0E950A0086EC4D /* Sources */,
				761BCCD42F0E950A0086EC4D /* Resources */,
			);
			buildRules = (
			);
			dependencies = (
				761BCCD82F0E950A0086EC4D /* PBXTargetDependency */,
			);
			name = CastReaderTests;
			productName = CastReaderTests;
			productReference = 761BCCD62F0E950A0086EC4D /* CastReaderTests.xctest */;
			productType = "com.apple.product-type.bundle.unit-test";
		};
		761BCCDF2F0E950A0086EC4D /* CastReaderUITests */ = {
			isa = PBXNativeTarget;
			buildConfigurationList = 761BCCF02F0E950A0086EC4D /* Build configuration list for PBXNativeTarget "CastReaderUITests" */;
			buildPhases = (
				761BCCDC2F0E950A0086EC4D /* Sources */,
				761BCCDE2F0E950A0086EC4D /* Resources */,
			);
			buildRules = (
			);
			dependencies = (
				761BCCE22F0E950A0086EC4D /* PBXTargetDependency */,
			);
			name = CastReaderUITests;
			productName = CastReaderUITests;
			productReference = 761BCCE02F0E950A0086EC4D /* CastReaderUITests.xctest */;
			productType = "com.apple.product-type.bundle.ui-testing";
		};
/* End PBXNativeTarget section */

/* Begin PBXProject section */
		761BCCBE2F0E95070086EC4D /* Project object */ = {
			isa = PBXProject;
			attributes = {
				BuildIndependentTargetsInParallel = 1;
				LastSwiftUpdateCheck = 1340;
				LastUpgradeCheck = 1340;
				TargetAttributes = {
					761BCCC52F0E95070086EC4D = {
						CreatedOnToolsVersion = 13.4.1;
					};
					761BCCD52F0E950A0086EC4D = {
						CreatedOnToolsVersion = 13.4.1;
						TestTargetID = 761BCCC52F0E95070086EC4D;
					};
					761BCCDF2F0E950A0086EC4D = {
						CreatedOnToolsVersion = 13.4.1;
						TestTargetID = 761BCCC52F0E95070086EC4D;
					};
				};
			};
			buildConfigurationList = 761BCCC12F0E95070086EC4D /* Build configuration list for PBXProject "CastReader" */;
			compatibilityVersion = "Xcode 13.0";
			developmentRegion = "zh-Hans";
			hasScannedForEncodings = 0;
			knownRegions = (
				en,
				Base,
				"zh-Hans",
			);
			mainGroup = 761BCCBD2F0E95070086EC4D;
			packageReferences = (
				76495AB82F1534C3002BA72E /* XCRemoteSwiftPackageReference "ZIPFoundation" */,
				47EBF14218A1FDA2CB0611AB /* XCRemoteSwiftPackageReference "SwiftSoup" */,
			);
			productRefGroup = 761BCCC72F0E95070086EC4D /* Products */;
			projectDirPath = "";
			projectRoot = "";
			targets = (
				761BCCC52F0E95070086EC4D /* CastReader */,
				761BCCD52F0E950A0086EC4D /* CastReaderTests */,
				761BCCDF2F0E950A0086EC4D /* CastReaderUITests */,
			);
		};
/* End PBXProject section */

/* Begin PBXResourcesBuildPhase section */
		761BCCC42F0E95070086EC4D /* Resources */ = {
			isa = PBXResourcesBuildPhase;
			buildActionMask = 2147483647;
			files = (
				761BCCD12F0E95090086EC4D /* Preview Assets.xcassets in Resources */,
				761BCCCE2F0E95090086EC4D /* Assets.xcassets in Resources */,
				F38B8E5581806AEBA733917A /* WebAssets in Resources */,
				EBE0466C77EBB2DE8C1F0963 /* Localizable.xcstrings in Resources */,
				02999253127ED65C58A45A15 /* PrivacyInfo.xcprivacy in Resources */,
				C990FE317DA303416E42086A /* InfoPlist.xcstrings in Resources */,
			);
			runOnlyForDeploymentPostprocessing = 0;
		};
		761BCCD42F0E950A0086EC4D /* Resources */ = {
			isa = PBXResourcesBuildPhase;
			buildActionMask = 2147483647;
			files = (
				4780431C541FD499944C06F0 /* Configuration.storekit in Resources */,
			);
			runOnlyForDeploymentPostprocessing = 0;
		};
		761BCCDE2F0E950A0086EC4D /* Resources */ = {
			isa = PBXResourcesBuildPhase;
			buildActionMask = 2147483647;
			files = (
			);
			runOnlyForDeploymentPostprocessing = 0;
		};
/* End PBXResourcesBuildPhase section */

/* Begin PBXSourcesBuildPhase section */
		761BCCC22F0E95070086EC4D /* Sources */ = {
			isa = PBXSourcesBuildPhase;
			buildActionMask = 2147483647;
			files = (
				761BCCCA2F0E95070086EC4D /* CastReaderApp.swift in Sources */,
				0005E1F83148CBD79E6B3220 /* Document.swift in Sources */,
				A24C0D3C80E746EDB0C3F2B4 /* MarkdownModels.swift in Sources */,
				31037446F69538B432D7E385 /* TTSTimestamp.swift in Sources */,
				55C94E5A63B58FF7013C4ACC /* APIService.swift in Sources */,
				7C9206CC43A969E4BD7FA5D9 /* AudioPlayerService.swift in Sources */,
				19D6D34E32F761A4BD9EA455 /* TTSService.swift in Sources */,
				20A6F3D0968E064C3104260B /* VisitorService.swift in Sources */,
				DCC7F6DF9C7854D8BD105E7F /* AppTheme.swift in Sources */,
				46D193EC74973B8FB8941B30 /* Constants.swift in Sources */,
				D4FE373651D89F68C7C3B97F /* Extensions.swift in Sources */,
				D648749393A02215528E8982 /* MarkdownParser.swift in Sources */,
				08D1AF84C2CA2F7724A68499 /* ImportViewModel.swift in Sources */,
				4EDA020C6BB4996ABC54E5BD /* LibraryViewModel.swift in Sources */,
				709B65EF0392C0D1F3A77F3A /* LibraryView.swift in Sources */,
				ECC39E460BCB203A98303874 /* MainTabView.swift in Sources */,
				2970F11FB2E110503F7834EC /* BookCoverImage.swift in Sources */,
				85FB22A3E1C7E887DD66F93A /* LoadingView.swift in Sources */,
				574FDD44C7D16765246A2831 /* ReadingDocument.swift in Sources */,
				42FE55B5AA75265E033D7FED /* Quickread.swift in Sources */,
				A87727771485EBDD69620C51 /* AppSettings.swift in Sources */,
				F128BE4D1D4512F4225ABDFB /* VoiceCatalog.swift in Sources */,
				2396BC3E3E0EC39F43D98C0F /* SeededGenerator.swift in Sources */,
				2DF6F815ECAA3403198F1218 /* HandwrittenMark.swift in Sources */,
				6D778AB4052CBDAFA7D2FDB9 /* ReadingAnchorResolver.swift in Sources */,
				5FEB7BC9D514A292A1FE775F /* MarkAnchoring.swift in Sources */,
				A126D74AEB0FE06C144195F7 /* QuotaManager.swift in Sources */,
				F5D0772B1880B5F5C546E8B7 /* ProManager.swift in Sources */,
				6EC7217C1E76819380A613BA /* OCRService.swift in Sources */,
				2924E5001405E1EB6EAF9D3E /* QuickReadService.swift in Sources */,
				43222177B639B5CCDBD5CDC8 /* ReaderTextView.swift in Sources */,
				B08FFCB67C87DA7CA9F130BB /* ReadAloudViewModel.swift in Sources */,
				76A441A8BBB2B1CB3EFDB91A /* ExplainViewModel.swift in Sources */,
				8B6B18B0B3B11A16630F2203 /* CaptureFlowViewModel.swift in Sources */,
				375BF0E7E31D7C0FAE97BB01 /* DocumentBuilder.swift in Sources */,
				9E891B727D0F746D1BFA7CC2 /* MarkOverlay.swift in Sources */,
				396ED2E14D9332E795839479 /* ReaderHostView.swift in Sources */,
				99419D9FE98D3FDC6FE1411C /* PhotoReaderCanvas.swift in Sources */,
				188454A4A128F2B9E17F8B00 /* TextReaderView.swift in Sources */,
				DB331682B15D55561FD966C5 /* ExplainControlBar.swift in Sources */,
				67FF6D00C35D7200A192DBE9 /* HomeView.swift in Sources */,
				E1FEA7B2F9A962BF615E4798 /* CameraView.swift in Sources */,
				B65F28112047820DD67441E8 /* SettingsView.swift in Sources */,
				69D23EA3E1463C2294F516E0 /* PaywallView.swift in Sources */,
				F64FB010D8BF89D169039054 /* UpgradeView.swift in Sources */,
				67DFC48EFA05558011D7D22A /* UserAccount.swift in Sources */,
				D10418AD2A1418B11CFCB972 /* KeychainStore.swift in Sources */,
				A6216E364617BE044C63F5EC /* AuthService.swift in Sources */,
				C5A77CAE4365C3B001943305 /* ProBackendService.swift in Sources */,
				EE4D394720F5B1991F6EE893 /* AuthService+Apple.swift in Sources */,
				B50515E4BB5102D074CFABC8 /* LoginView.swift in Sources */,
				CD7BDED23F63701839A050C4 /* AppleSignInButton.swift in Sources */,
				9787BE867F33C58D3004572E /* TTSEndpoint.swift in Sources */,
				0525370D4B5A98900BFAB55D /* WebReaderProtocol.swift in Sources */,
				BC39CAE4FD7F1E8A45F0EEA6 /* WebReaderBridge.swift in Sources */,
				7E8B0DB575500E582DAA6442 /* WebReaderView.swift in Sources */,
				5A843BB0FE575CEE18DDDE37 /* LanguageDetector.swift in Sources */,
				97E3A9A71E038CB70FF41D58 /* PDFReaderView.swift in Sources */,
				8859D20F57D88863FB3ABD52 /* PlayerCoordinator.swift in Sources */,
				7A87CF90A6092C2A7EC7E499 /* MiniPlayerView.swift in Sources */,
				C47D5EE7DC204481D23D89F5 /* ClipboardImportViewModel.swift in Sources */,
				63E84E370C9B0A63159111ED /* ClipboardPromptView.swift in Sources */,
				DA7D716D85999E52ACC7ECAF /* HistoryStore.swift in Sources */,
				7E23B157C3C1DA4BB1EDD9FD /* HtmlParser.swift in Sources */,
				5AA7BDC3F3DEEE9AC60BE213 /* EpubNativeEngine.swift in Sources */,
				D0DD5140972DEA3C1B10EEE5 /* CoverThumbnail.swift in Sources */,
				A86A5F835CEE1334154FBEA1 /* KindleReaderView.swift in Sources */,
				2B1048F72F11BAFDB59D2583 /* OCRWordAligner.swift in Sources */,
				B3835A9B6147558851C6B8E3 /* KindleModels.swift in Sources */,
				4E290222F2404F7528D19598 /* KindleLibraryStore.swift in Sources */,
				8F350E95D7330E344D4B95A6 /* KindleWebScripts.swift in Sources */,
				D1F3C188FEB7AEBBF4E612AD /* KindleLibraryConnectView.swift in Sources */,
				CC115A842E13C59A1E962681 /* KindleBookView.swift in Sources */,
				4A3DCDD74C67D188AC46C40D /* KindleHomeSection.swift in Sources */,
				E0105256DAF7F2019D161A38 /* KindleLibraryView.swift in Sources */,
			);
			runOnlyForDeploymentPostprocessing = 0;
		};
		761BCCD22F0E950A0086EC4D /* Sources */ = {
			isa = PBXSourcesBuildPhase;
			buildActionMask = 2147483647;
			files = (
				761BCCDB2F0E950A0086EC4D /* CastReaderTests.swift in Sources */,
				058DC51AD4462A22F75912E9 /* PaymentTests.swift in Sources */,
				DFAE2591504C5499D2DC8B0B /* EvalTests.swift in Sources */,
				E80DE846E6E69769FC289153 /* WebReaderEvalTests.swift in Sources */,
				83479E29E33329EFE6DAC339 /* EpubNativeEngineTests.swift in Sources */,
			);
			runOnlyForDeploymentPostprocessing = 0;
		};
		761BCCDC2F0E950A0086EC4D /* Sources */ = {
			isa = PBXSourcesBuildPhase;
			buildActionMask = 2147483647;
			files = (
				761BCCE72F0E950A0086EC4D /* CastReaderUITestsLaunchTests.swift in Sources */,
				761BCCE52F0E950A0086EC4D /* CastReaderUITests.swift in Sources */,
			);
			runOnlyForDeploymentPostprocessing = 0;
		};
/* End PBXSourcesBuildPhase section */

/* Begin PBXTargetDependency section */
		761BCCD82F0E950A0086EC4D /* PBXTargetDependency */ = {
			isa = PBXTargetDependency;
			target = 761BCCC52F0E95070086EC4D /* CastReader */;
			targetProxy = 761BCCD72F0E950A0086EC4D /* PBXContainerItemProxy */;
		};
		761BCCE22F0E950A0086EC4D /* PBXTargetDependency */ = {
			isa = PBXTargetDependency;
			target = 761BCCC52F0E95070086EC4D /* CastReader */;
			targetProxy = 761BCCE12F0E950A0086EC4D /* PBXContainerItemProxy */;
		};
/* End PBXTargetDependency section */

/* Begin XCBuildConfiguration section */
		761BCCE82F0E950A0086EC4D /* Debug */ = {
			isa = XCBuildConfiguration;
			buildSettings = {
				ALWAYS_SEARCH_USER_PATHS = NO;
				CLANG_ANALYZER_NONNULL = YES;
				CLANG_ANALYZER_NUMBER_OBJECT_CONVERSION = YES_AGGRESSIVE;
				CLANG_CXX_LANGUAGE_STANDARD = "gnu++17";
				CLANG_ENABLE_MODULES = YES;
				CLANG_ENABLE_OBJC_ARC = YES;
				CLANG_ENABLE_OBJC_WEAK = YES;
				CLANG_WARN_BLOCK_CAPTURE_AUTORELEASING = YES;
				CLANG_WARN_BOOL_CONVERSION = YES;
				CLANG_WARN_COMMA = YES;
				CLANG_WARN_CONSTANT_CONVERSION = YES;
				CLANG_WARN_DEPRECATED_OBJC_IMPLEMENTATIONS = YES;
				CLANG_WARN_DIRECT_OBJC_ISA_USAGE = YES_ERROR;
				CLANG_WARN_DOCUMENTATION_COMMENTS = YES;
				CLANG_WARN_EMPTY_BODY = YES;
				CLANG_WARN_ENUM_CONVERSION = YES;
				CLANG_WARN_INFINITE_RECURSION = YES;
				CLANG_WARN_INT_CONVERSION = YES;
				CLANG_WARN_NON_LITERAL_NULL_CONVERSION = YES;
				CLANG_WARN_OBJC_IMPLICIT_RETAIN_SELF = YES;
				CLANG_WARN_OBJC_LITERAL_CONVERSION = YES;
				CLANG_WARN_OBJC_ROOT_CLASS = YES_ERROR;
				CLANG_WARN_QUOTED_INCLUDE_IN_FRAMEWORK_HEADER = YES;
				CLANG_WARN_RANGE_LOOP_ANALYSIS = YES;
				CLANG_WARN_STRICT_PROTOTYPES = YES;
				CLANG_WARN_SUSPICIOUS_MOVE = YES;
				CLANG_WARN_UNGUARDED_AVAILABILITY = YES_AGGRESSIVE;
				CLANG_WARN_UNREACHABLE_CODE = YES;
				CLANG_WARN__DUPLICATE_METHOD_MATCH = YES;
				COPY_PHASE_STRIP = NO;
				DEBUG_INFORMATION_FORMAT = dwarf;
				ENABLE_STRICT_OBJC_MSGSEND = YES;
				ENABLE_TESTABILITY = YES;
				GCC_C_LANGUAGE_STANDARD = gnu11;
				GCC_DYNAMIC_NO_PIC = NO;
				GCC_NO_COMMON_BLOCKS = YES;
				GCC_OPTIMIZATION_LEVEL = 0;
				GCC_PREPROCESSOR_DEFINITIONS = (
					"DEBUG=1",
					"$(inherited)",
				);
				GCC_WARN_64_TO_32_BIT_CONVERSION = YES;
				GCC_WARN_ABOUT_RETURN_TYPE = YES_ERROR;
				GCC_WARN_UNDECLARED_SELECTOR = YES;
				GCC_WARN_UNINITIALIZED_AUTOS = YES_AGGRESSIVE;
				GCC_WARN_UNUSED_FUNCTION = YES;
				GCC_WARN_UNUSED_VARIABLE = YES;
				IPHONEOS_DEPLOYMENT_TARGET = 15.5;
				MTL_ENABLE_DEBUG_INFO = INCLUDE_SOURCE;
				MTL_FAST_MATH = YES;
				ONLY_ACTIVE_ARCH = YES;
				SDKROOT = iphoneos;
				SWIFT_ACTIVE_COMPILATION_CONDITIONS = DEBUG;
				SWIFT_OPTIMIZATION_LEVEL = "-Onone";
			};
			name = Debug;
		};
		761BCCE92F0E950A0086EC4D /* Release */ = {
			isa = XCBuildConfiguration;
			buildSettings = {
				ALWAYS_SEARCH_USER_PATHS = NO;
				CLANG_ANALYZER_NONNULL = YES;
				CLANG_ANALYZER_NUMBER_OBJECT_CONVERSION = YES_AGGRESSIVE;
				CLANG_CXX_LANGUAGE_STANDARD = "gnu++17";
				CLANG_ENABLE_MODULES = YES;
				CLANG_ENABLE_OBJC_ARC = YES;
				CLANG_ENABLE_OBJC_WEAK = YES;
				CLANG_WARN_BLOCK_CAPTURE_AUTORELEASING = YES;
				CLANG_WARN_BOOL_CONVERSION = YES;
				CLANG_WARN_COMMA = YES;
				CLANG_WARN_CONSTANT_CONVERSION = YES;
				CLANG_WARN_DEPRECATED_OBJC_IMPLEMENTATIONS = YES;
				CLANG_WARN_DIRECT_OBJC_ISA_USAGE = YES_ERROR;
				CLANG_WARN_DOCUMENTATION_COMMENTS = YES;
				CLANG_WARN_EMPTY_BODY = YES;
				CLANG_WARN_ENUM_CONVERSION = YES;
				CLANG_WARN_INFINITE_RECURSION = YES;
				CLANG_WARN_INT_CONVERSION = YES;
				CLANG_WARN_NON_LITERAL_NULL_CONVERSION = YES;
				CLANG_WARN_OBJC_IMPLICIT_RETAIN_SELF = YES;
				CLANG_WARN_OBJC_LITERAL_CONVERSION = YES;
				CLANG_WARN_OBJC_ROOT_CLASS = YES_ERROR;
				CLANG_WARN_QUOTED_INCLUDE_IN_FRAMEWORK_HEADER = YES;
				CLANG_WARN_RANGE_LOOP_ANALYSIS = YES;
				CLANG_WARN_STRICT_PROTOTYPES = YES;
				CLANG_WARN_SUSPICIOUS_MOVE = YES;
				CLANG_WARN_UNGUARDED_AVAILABILITY = YES_AGGRESSIVE;
				CLANG_WARN_UNREACHABLE_CODE = YES;
				CLANG_WARN__DUPLICATE_METHOD_MATCH = YES;
				COPY_PHASE_STRIP = NO;
				DEBUG_INFORMATION_FORMAT = "dwarf-with-dsym";
				ENABLE_NS_ASSERTIONS = NO;
				ENABLE_STRICT_OBJC_MSGSEND = YES;
				GCC_C_LANGUAGE_STANDARD = gnu11;
				GCC_NO_COMMON_BLOCKS = YES;
				GCC_WARN_64_TO_32_BIT_CONVERSION = YES;
				GCC_WARN_ABOUT_RETURN_TYPE = YES_ERROR;
				GCC_WARN_UNDECLARED_SELECTOR = YES;
				GCC_WARN_UNINITIALIZED_AUTOS = YES_AGGRESSIVE;
				GCC_WARN_UNUSED_FUNCTION = YES;
				GCC_WARN_UNUSED_VARIABLE = YES;
				IPHONEOS_DEPLOYMENT_TARGET = 15.5;
				MTL_ENABLE_DEBUG_INFO = NO;
				MTL_FAST_MATH = YES;
				SDKROOT = iphoneos;
				SWIFT_COMPILATION_MODE = wholemodule;
				SWIFT_OPTIMIZATION_LEVEL = "-O";
				VALIDATE_PRODUCT = YES;
			};
			name = Release;
		};
		761BCCEB2F0E950A0086EC4D /* Debug */ = {
			isa = XCBuildConfiguration;
			baseConfigurationReference = 2B22F76C2D9B39DAC1371ED7 /* Secrets.xcconfig */;
			buildSettings = {
				ASSETCATALOG_COMPILER_APPICON_NAME = AppIcon;
				ASSETCATALOG_COMPILER_GLOBAL_ACCENT_COLOR_NAME = AccentColor;
				CODE_SIGN_ENTITLEMENTS = CastReader/CastReader.entitlements;
				CODE_SIGN_STYLE = Automatic;
				CURRENT_PROJECT_VERSION = 17;
				DEVELOPMENT_ASSET_PATHS = "\"CastReader/Preview Content\"";
				DEVELOPMENT_TEAM = KQW6UNZE8J;
				ENABLE_PREVIEWS = YES;
				GENERATE_INFOPLIST_FILE = YES;
				INFOPLIST_FILE = CastReader/Info.plist;
				INFOPLIST_KEY_LSApplicationCategoryType = "public.app-category.productivity";
				INFOPLIST_KEY_UIApplicationSceneManifest_Generation = YES;
				INFOPLIST_KEY_UIApplicationSupportsIndirectInputEvents = YES;
				INFOPLIST_KEY_UILaunchScreen_Generation = YES;
				INFOPLIST_KEY_UISupportedInterfaceOrientations_iPad = "UIInterfaceOrientationPortrait UIInterfaceOrientationPortraitUpsideDown UIInterfaceOrientationLandscapeLeft UIInterfaceOrientationLandscapeRight";
				INFOPLIST_KEY_UISupportedInterfaceOrientations_iPhone = "UIInterfaceOrientationPortrait UIInterfaceOrientationLandscapeLeft UIInterfaceOrientationLandscapeRight";
				IPHONEOS_DEPLOYMENT_TARGET = 17.6;
				LD_RUNPATH_SEARCH_PATHS = (
					"$(inherited)",
					"@executable_path/Frameworks",
				);
				MARKETING_VERSION = 1.2.7;
				PRODUCT_BUNDLE_IDENTIFIER = com.same.castreader;
				PRODUCT_NAME = "$(TARGET_NAME)";
				SUPPORTED_PLATFORMS = "iphoneos iphonesimulator";
				SUPPORTS_MACCATALYST = NO;
				SUPPORTS_MAC_DESIGNED_FOR_IPHONE_IPAD = NO;
				SUPPORTS_XR_DESIGNED_FOR_IPHONE_IPAD = NO;
				SWIFT_EMIT_LOC_STRINGS = YES;
				SWIFT_VERSION = 5.0;
				TARGETED_DEVICE_FAMILY = 1;
			};
			name = Debug;
		};
		761BCCEC2F0E950A0086EC4D /* Release */ = {
			isa = XCBuildConfiguration;
			baseConfigurationReference = 2B22F76C2D9B39DAC1371ED7 /* Secrets.xcconfig */;
			buildSettings = {
				ASSETCATALOG_COMPILER_APPICON_NAME = AppIcon;
				ASSETCATALOG_COMPILER_GLOBAL_ACCENT_COLOR_NAME = AccentColor;
				CODE_SIGN_ENTITLEMENTS = CastReader/CastReader.entitlements;
				CODE_SIGN_STYLE = Automatic;
				CURRENT_PROJECT_VERSION = 17;
				DEVELOPMENT_ASSET_PATHS = "\"CastReader/Preview Content\"";
				DEVELOPMENT_TEAM = KQW6UNZE8J;
				ENABLE_PREVIEWS = YES;
				GENERATE_INFOPLIST_FILE = YES;
				INFOPLIST_FILE = CastReader/Info.plist;
				INFOPLIST_KEY_LSApplicationCategoryType = "public.app-category.productivity";
				INFOPLIST_KEY_UIApplicationSceneManifest_Generation = YES;
				INFOPLIST_KEY_UIApplicationSupportsIndirectInputEvents = YES;
				INFOPLIST_KEY_UILaunchScreen_Generation = YES;
				INFOPLIST_KEY_UISupportedInterfaceOrientations_iPad = "UIInterfaceOrientationPortrait UIInterfaceOrientationPortraitUpsideDown UIInterfaceOrientationLandscapeLeft UIInterfaceOrientationLandscapeRight";
				INFOPLIST_KEY_UISupportedInterfaceOrientations_iPhone = "UIInterfaceOrientationPortrait UIInterfaceOrientationLandscapeLeft UIInterfaceOrientationLandscapeRight";
				IPHONEOS_DEPLOYMENT_TARGET = 17.6;
				LD_RUNPATH_SEARCH_PATHS = (
					"$(inherited)",
					"@executable_path/Frameworks",
				);
				MARKETING_VERSION = 1.2.7;
				PRODUCT_BUNDLE_IDENTIFIER = com.same.castreader;
				PRODUCT_NAME = "$(TARGET_NAME)";
				SUPPORTED_PLATFORMS = "iphoneos iphonesimulator";
				SUPPORTS_MACCATALYST = NO;
				SUPPORTS_MAC_DESIGNED_FOR_IPHONE_IPAD = NO;
				SUPPORTS_XR_DESIGNED_FOR_IPHONE_IPAD = NO;
				SWIFT_EMIT_LOC_STRINGS = YES;
				SWIFT_VERSION = 5.0;
				TARGETED_DEVICE_FAMILY = 1;
			};
			name = Release;
		};
		761BCCEE2F0E950A0086EC4D /* Debug */ = {
			isa = XCBuildConfiguration;
			buildSettings = {
				ALWAYS_EMBED_SWIFT_STANDARD_LIBRARIES = YES;
				BUNDLE_LOADER = "$(TEST_HOST)";
				CODE_SIGN_STYLE = Automatic;
				CURRENT_PROJECT_VERSION = 1;
				DEVELOPMENT_TEAM = KQW6UNZE8J;
				GENERATE_INFOPLIST_FILE = YES;
				IPHONEOS_DEPLOYMENT_TARGET = 17.6;
				MARKETING_VERSION = 1.0;
				PRODUCT_BUNDLE_IDENTIFIER = com.same.CastReaderTests;
				PRODUCT_NAME = "$(TARGET_NAME)";
				SWIFT_EMIT_LOC_STRINGS = NO;
				SWIFT_VERSION = 5.0;
				TARGETED_DEVICE_FAMILY = "1,2";
				TEST_HOST = "$(BUILT_PRODUCTS_DIR)/CastReader.app/CastReader";
			};
			name = Debug;
		};
		761BCCEF2F0E950A0086EC4D /* Release */ = {
			isa = XCBuildConfiguration;
			buildSettings = {
				ALWAYS_EMBED_SWIFT_STANDARD_LIBRARIES = YES;
				BUNDLE_LOADER = "$(TEST_HOST)";
				CODE_SIGN_STYLE = Automatic;
				CURRENT_PROJECT_VERSION = 1;
				DEVELOPMENT_TEAM = KQW6UNZE8J;
				GENERATE_INFOPLIST_FILE = YES;
				IPHONEOS_DEPLOYMENT_TARGET = 17.6;
				MARKETING_VERSION = 1.0;
				PRODUCT_BUNDLE_IDENTIFIER = com.same.CastReaderTests;
				PRODUCT_NAME = "$(TARGET_NAME)";
				SWIFT_EMIT_LOC_STRINGS = NO;
				SWIFT_VERSION = 5.0;
				TARGETED_DEVICE_FAMILY = "1,2";
				TEST_HOST = "$(BUILT_PRODUCTS_DIR)/CastReader.app/CastReader";
			};
			name = Release;
		};
		761BCCF12F0E950A0086EC4D /* Debug */ = {
			isa = XCBuildConfiguration;
			buildSettings = {
				ALWAYS_EMBED_SWIFT_STANDARD_LIBRARIES = YES;
				CODE_SIGN_STYLE = Automatic;
				CURRENT_PROJECT_VERSION = 1;
				GENERATE_INFOPLIST_FILE = YES;
				IPHONEOS_DEPLOYMENT_TARGET = 17.6;
				MARKETING_VERSION = 1.0;
				PRODUCT_BUNDLE_IDENTIFIER = com.same.CastReaderUITests;
				PRODUCT_NAME = "$(TARGET_NAME)";
				SWIFT_EMIT_LOC_STRINGS = NO;
				SWIFT_VERSION = 5.0;
				TARGETED_DEVICE_FAMILY = "1,2";
				TEST_TARGET_NAME = CastReader;
			};
			name = Debug;
		};
		761BCCF22F0E950A0086EC4D /* Release */ = {
			isa = XCBuildConfiguration;
			buildSettings = {
				ALWAYS_EMBED_SWIFT_STANDARD_LIBRARIES = YES;
				CODE_SIGN_STYLE = Automatic;
				CURRENT_PROJECT_VERSION = 1;
				GENERATE_INFOPLIST_FILE = YES;
				IPHONEOS_DEPLOYMENT_TARGET = 17.6;
				MARKETING_VERSION = 1.0;
				PRODUCT_BUNDLE_IDENTIFIER = com.same.CastReaderUITests;
				PRODUCT_NAME = "$(TARGET_NAME)";
				SWIFT_EMIT_LOC_STRINGS = NO;
				SWIFT_VERSION = 5.0;
				TARGETED_DEVICE_FAMILY = "1,2";
				TEST_TARGET_NAME = CastReader;
			};
			name = Release;
		};
/* End XCBuildConfiguration section */

/* Begin XCConfigurationList section */
		761BCCC12F0E95070086EC4D /* Build configuration list for PBXProject "CastReader" */ = {
			isa = XCConfigurationList;
			buildConfigurations = (
				761BCCE82F0E950A0086EC4D /* Debug */,
				761BCCE92F0E950A0086EC4D /* Release */,
			);
			defaultConfigurationIsVisible = 0;
			defaultConfigurationName = Release;
		};
		761BCCEA2F0E950A0086EC4D /* Build configuration list for PBXNativeTarget "CastReader" */ = {
			isa = XCConfigurationList;
			buildConfigurations = (
				761BCCEB2F0E950A0086EC4D /* Debug */,
				761BCCEC2F0E950A0086EC4D /* Release */,
			);
			defaultConfigurationIsVisible = 0;
			defaultConfigurationName = Release;
		};
		761BCCED2F0E950A0086EC4D /* Build configuration list for PBXNativeTarget "CastReaderTests" */ = {
			isa = XCConfigurationList;
			buildConfigurations = (
				761BCCEE2F0E950A0086EC4D /* Debug */,
				761BCCEF2F0E950A0086EC4D /* Release */,
			);
			defaultConfigurationIsVisible = 0;
			defaultConfigurationName = Release;
		};
		761BCCF02F0E950A0086EC4D /* Build configuration list for PBXNativeTarget "CastReaderUITests" */ = {
			isa = XCConfigurationList;
			buildConfigurations = (
				761BCCF12F0E950A0086EC4D /* Debug */,
				761BCCF22F0E950A0086EC4D /* Release */,
			);
			defaultConfigurationIsVisible = 0;
			defaultConfigurationName = Release;
		};
/* End XCConfigurationList section */

/* Begin XCRemoteSwiftPackageReference section */
		47EBF14218A1FDA2CB0611AB /* XCRemoteSwiftPackageReference "SwiftSoup" */ = {
			isa = XCRemoteSwiftPackageReference;
			repositoryURL = "https://github.com/scinfu/SwiftSoup.git";
			requirement = {
				kind = upToNextMajorVersion;
				minimumVersion = 2.6.0;
			};
		};
		76495AB82F1534C3002BA72E /* XCRemoteSwiftPackageReference "ZIPFoundation" */ = {
			isa = XCRemoteSwiftPackageReference;
			repositoryURL = "https://github.com/weichsel/ZIPFoundation";
			requirement = {
				kind = upToNextMajorVersion;
				minimumVersion = 0.9.20;
			};
		};
/* End XCRemoteSwiftPackageReference section */

/* Begin XCSwiftPackageProductDependency section */
		76495AB92F1534C3002BA72E /* ZIPFoundation */ = {
			isa = XCSwiftPackageProductDependency;
			package = 76495AB82F1534C3002BA72E /* XCRemoteSwiftPackageReference "ZIPFoundation" */;
			productName = ZIPFoundation;
		};
		8CC63356326811112FC42981 /* SwiftSoup */ = {
			isa = XCSwiftPackageProductDependency;
			package = 47EBF14218A1FDA2CB0611AB /* XCRemoteSwiftPackageReference "SwiftSoup" */;
			productName = SwiftSoup;
		};
/* End XCSwiftPackageProductDependency section */
	};
	rootObject = 761BCCBE2F0E95070086EC4D /* Project object */;
}
